{
  "name": "strudel-cli",
  "version": "1.0.0",
  "lockfileVersion": 2,
  "requires": true,
  "packages": {
    "": {
      "name": "strudel-cli",
      "version": "1.0.0",
      "license": "ACSL",
      "dependencies": {
        "@strudel.cycles/core": "^0.8.2",
        "@strudel.cycles/mini": "^0.8.2",
        "@strudel.cycles/tonal": "^0.8.2",
        "@strudel.cycles/transpiler": "^0.8.2",
        "@strudel.cycles/webaudio": "^0.8.2",
        "node-web-audio-api": "^0.10.0"
      }
    },
    "node_modules/@babel/runtime": {
      "version": "7.22.6",
      "resolved": "https://registry.npmjs.org/@babel/runtime/-/runtime-7.22.6.tgz",
      "integrity": "sha512-wDb5pWm4WDdF6LFUde3Jl8WzPA+3ZbxYqkC6xAXuD3irdEHN1k0NfTRrJD8ZD378SJ61miMLCqIOXYhd8x+AJQ==",
      "dependencies": {
        "regenerator-runtime": "^0.13.11"
      },
      "engines": {
        "node": ">=6.9.0"
      }
    },
    "node_modules/@napi-rs/cli": {
      "version": "2.16.1",
      "resolved": "https://registry.npmjs.org/@napi-rs/cli/-/cli-2.16.1.tgz",
      "integrity": "sha512-L0Gr5iEQIDEbvWdDr1HUaBOxBSHL1VZhWSk1oryawoT8qJIY+KGfLFelU+Qma64ivCPbxYpkfPoKYVG3rcoGIA==",
      "bin": {
        "napi": "scripts/index.js"
      },
      "engines": {
        "node": ">= 10"
      },
      "funding": {
        "type": "github",
        "url": "https://github.com/sponsors/Brooooooklyn"
      }
    },
    "node_modules/@napi-rs/triples": {
      "version": "1.1.0",
      "resolved": "https://registry.npmjs.org/@napi-rs/triples/-/triples-1.1.0.tgz",
      "integrity": "sha512-XQr74QaLeMiqhStEhLn1im9EOMnkypp7MZOwQhGzqp2Weu5eQJbpPxWxixxlYRKWPOmJjsk6qYfYH9kq43yc2w=="
    },
    "node_modules/@node-rs/helper": {
      "version": "1.3.3",
      "resolved": "https://registry.npmjs.org/@node-rs/helper/-/helper-1.3.3.tgz",
      "integrity": "sha512-p4OdfQObGN9YFy5WZaGwlPYICQSe7xZYyXB0sxREmvj1HzGKp5bPg2PlfgfMZEfnjIA882B9ZrnagYzZihIwjA==",
      "dependencies": {
        "@napi-rs/triples": "^1.1.0"
      }
    },
    "node_modules/@strudel.cycles/core": {
      "version": "0.8.2",
      "resolved": "https://registry.npmjs.org/@strudel.cycles/core/-/core-0.8.2.tgz",
      "integrity": "sha512-rmtrDfy6S/NH9HgFy4rVRRAwVXzYvR85Qwqr/WQqEZQh6OCBW9yXQQWGOZYiBi85Y2FZqwWppBImyGVA6ZzuyA==",
      "dependencies": {
        "fraction.js": "^4.2.0"
      }
    },
    "node_modules/@strudel.cycles/mini": {
      "version": "0.8.2",
      "resolved": "https://registry.npmjs.org/@strudel.cycles/mini/-/mini-0.8.2.tgz",
      "integrity": "sha512-hHpNPVsM6NElGRtPhFCUI4mZaW0+vAScVHbDpQAvTkaRWc3uUd/TBqDQpyQzPwbX2U29lTSYK7ZzbclVEaoPZQ==",
      "dependencies": {
        "@strudel.cycles/core": "0.8.2"
      }
    },
    "node_modules/@strudel.cycles/tonal": {
      "version": "0.8.2",
      "resolved": "https://registry.npmjs.org/@strudel.cycles/tonal/-/tonal-0.8.2.tgz",
      "integrity": "sha512-bHnQDd3Sl+raHeTClLZFGuVvH3fzG4w9amioINc+jleWu6hPTt2Uaq1uUV1LJ2+NPb2GlpuyfY09spyY/92n4Q==",
      "dependencies": {
        "@strudel.cycles/core": "0.8.2",
        "@tonaljs/tonal": "^4.7.2",
        "chord-voicings": "^0.0.1",
        "webmidi": "^3.1.5"
      }
    },
    "node_modules/@strudel.cycles/transpiler": {
      "version": "0.8.2",
      "resolved": "https://registry.npmjs.org/@strudel.cycles/transpiler/-/transpiler-0.8.2.tgz",
      "integrity": "sha512-iGdFT/HEayY0TJnsk2PwN5XxoBEvgBJjFHTEjnQw7fR5zxzEQXKnE1hGNBT/czzIwSEzyw3ZECCMc05xpeaZrw==",
      "dependencies": {
        "@strudel.cycles/core": "0.8.2",
        "acorn": "^8.8.1",
        "escodegen": "^2.0.0",
        "estree-walker": "^3.0.1"
      }
    },
    "node_modules/@strudel.cycles/webaudio": {
      "version": "0.8.2",
      "resolved": "https://registry.npmjs.org/@strudel.cycles/webaudio/-/webaudio-0.8.2.tgz",
      "integrity": "sha512-IdjSuqd8BUYJ8BOl3lJ8uJCR4G5g0W1YryhPp3uUQ7NaVDlaM4ZnC8qejEI8yoBF+ntWKHInjf5qpj7v5+ttbA==",
      "dependencies": {
        "@strudel.cycles/core": "0.8.2",
        "nanostores": "^0.8.1"
      }
    },
    "node_modules/@tonaljs/abc-notation": {
      "version": "4.8.0",
      "resolved": "https://registry.npmjs.org/@tonaljs/abc-notation/-/abc-notation-4.8.0.tgz",
      "integrity": "sha512-JggT/DW4rMxu+q1WkeACrg52is3acp9zaW4LJmCheFi3CmLa63sy7/6mgKnlScTOvcpAyTcSytu0VbQHRXyBDA==",
      "dependencies": {
        "@tonaljs/core": "^4.8.0"
      }
    },
    "node_modules/@tonaljs/array": {
      "version": "4.8.0",
      "resolved": "https://registry.npmjs.org/@tonaljs/array/-/array-4.8.0.tgz",
      "integrity": "sha512-lWCUBRUVWtDV0kl/fjOgICRWzBYWZdJEk1h0vVzpuPaXW6Yz3JfjyKPtLbzYTkgSr1PqcjxVGNwxilz9c2NNkQ==",
      "dependencies": {
        "@tonaljs/core": "^4.8.0"
      }
    },
    "node_modules/@tonaljs/chord": {
      "version": "4.10.2",
      "resolved": "https://registry.npmjs.org/@tonaljs/chord/-/chord-4.10.2.tgz",
      "integrity": "sha512-Zlqtq6c6T4y+EqvwHRQp9icEjHqyniCpnIwwCFg5amgAQwXmWzarouOOSmcdJ1Is92eEvcPVuCoLiVUtajS30A==",
      "dependencies": {
        "@tonaljs/chord-detect": "^4.8.1",
        "@tonaljs/chord-type": "^4.8.2",
        "@tonaljs/collection": "^4.8.0",
        "@tonaljs/core": "^4.10.0",
        "@tonaljs/pcset": "^4.8.2",
        "@tonaljs/scale-type": "^4.8.2"
      }
    },
    "node_modules/@tonaljs/chord-detect": {
      "version": "4.8.2",
      "resolved": "https://registry.npmjs.org/@tonaljs/chord-detect/-/chord-detect-4.8.2.tgz",
      "integrity": "sha512-Qee18RXanmav+/LBoHC6UFvQ/0330IueJAr0BDSDkpFjJaWq4Co0mrFXWufKd0QO/Cc86/HRbkWb3asZ+p+Pzg==",
      "dependencies": {
        "@tonaljs/chord-type": "^5.0.0",
        "@tonaljs/core": "^4.8.0",
        "@tonaljs/pcset": "^4.8.2"
      }
    },
    "node_modules/@tonaljs/chord-detect/node_modules/@tonaljs/chord-type": {
      "version": "5.0.0",
      "resolved": "https://registry.npmjs.org/@tonaljs/chord-type/-/chord-type-5.0.0.tgz",
      "integrity": "sha512-j9HnUt5cvZxJPghB9zA9JqQfH3Kw0WuAtucsKhvY/Sry75o/as8pE+m808TkNgfoW65B56f4FKxMUraWGVGyhQ==",
      "dependencies": {
        "@tonaljs/core": "^4.8.0",
        "@tonaljs/pcset": "^4.8.2"
      }
    },
    "node_modules/@tonaljs/chord-type": {
      "version": "4.8.2",
      "resolved": "https://registry.npmjs.org/@tonaljs/chord-type/-/chord-type-4.8.2.tgz",
      "integrity": "sha512-GzSTjQmZjkUdPhyesFDeJbxpW8R7L/bAE34E8ApGAh9FMcKYpRdX3Tn+gkluRsXOiRMfW07p3E0Adx4bjtyN+Q==",
      "dependencies": {
        "@tonaljs/core": "^4.8.0",
        "@tonaljs/pcset": "^4.8.2"
      }
    },
    "node_modules/@tonaljs/collection": {
      "version": "4.8.0",
      "resolved": "https://registry.npmjs.org/@tonaljs/collection/-/collection-4.8.0.tgz",
      "integrity": "sha512-NSnqUDqnCZajYGPH4+27y6UAflX+RrAZQdP9YNBuJoTFtdSDrqV3cJoPdr2DRpGCK3Nuzw1dU8DlGsyWwNwlmg=="
    },
    "node_modules/@tonaljs/core": {
      "version": "4.10.0",
      "resolved": "https://registry.npmjs.org/@tonaljs/core/-/core-4.10.0.tgz",
      "integrity": "sha512-+AH7NP9iiAGil+X7NlKGlQvls/KByQmxR51d5O+y6IjHltOkVUXk74oZuxW7zF0IsKchFn8Okr0sxqFmgsQmpA=="
    },
    "node_modules/@tonaljs/duration-value": {
      "version": "4.8.0",
      "resolved": "https://registry.npmjs.org/@tonaljs/duration-value/-/duration-value-4.8.0.tgz",
      "integrity": "sha512-ewWVKtYCzNkSNaFoEn6NqL5vCmHTqoN+qngoUG2Sy2ZvGCk1pwx3ckJVUkJmYrkxP4PbQASPgJi0y+0fjgVJug=="
    },
    "node_modules/@tonaljs/interval": {
      "version": "4.8.0",
      "resolved": "https://registry.npmjs.org/@tonaljs/interval/-/interval-4.8.0.tgz",
      "integrity": "sha512-R+1OvqRS0lFqzmzorbL0cwqZLVRnDw2kmwNtgF17A2vqcZI9aDDH/XELPLLUcZ7ykeIu4X9t/v+yTwREj+nUrA==",
      "dependencies": {
        "@tonaljs/core": "^4.8.0"
      }
    },
    "node_modules/@tonaljs/key": {
      "version": "4.9.1",
      "resolved": "https://registry.npmjs.org/@tonaljs/key/-/key-4.9.1.tgz",
      "integrity": "sha512-WL/8raLnrcv6qpBog0HNp16/ifleeapZjU2PVTnIJ2DhuVgqtI8ccCyZHAURFdMmwYmn1Gf1VnvUAmG7RmqHJg==",
      "dependencies": {
        "@tonaljs/core": "^4.8.0",
        "@tonaljs/note": "^4.8.0",
        "@tonaljs/roman-numeral": "^4.8.0"
      }
    },
    "node_modules/@tonaljs/midi": {
      "version": "4.9.0",
      "resolved": "https://registry.npmjs.org/@tonaljs/midi/-/midi-4.9.0.tgz",
      "integrity": "sha512-zi6lK2OC2EA8E1Nl011erWAZgOSlrfstJMgnrbm4/nLDegotg5ALbMnfX/s+SIfSSFcXn/Og1d8xwPeAwoaUyg==",
      "dependencies": {
        "@tonaljs/core": "^4.8.0"
      }
    },
    "node_modules/@tonaljs/mode": {
      "version": "4.8.1",
      "resolved": "https://registry.npmjs.org/@tonaljs/mode/-/mode-4.8.1.tgz",
      "integrity": "sha512-mzGQz3T+DMjWgOHlt7ZKyoRL6rGOKeOn1BXZdDFU0Bng+WQwHOhoBF/0eA+7l+1QxXBntjGiESO6aq2ktODF/w==",
      "dependencies": {
        "@tonaljs/collection": "^4.8.0",
        "@tonaljs/core": "^4.8.0",
        "@tonaljs/interval": "^4.8.0",
        "@tonaljs/pcset": "^4.8.2",
        "@tonaljs/scale-type": "^4.8.2"
      }
    },
    "node_modules/@tonaljs/note": {
      "version": "4.10.0",
      "resolved": "https://registry.npmjs.org/@tonaljs/note/-/note-4.10.0.tgz",
      "integrity": "sha512-jWyxk9Dom+vsucj3dWG9z4j6WhZqbY7gkKsS14fHeo7g8qUZTVZFsr8ulpHyLPXN3EhLwHDU7CxIQ1klkPE33A==",
      "dependencies": {
        "@tonaljs/core": "^4.9.0",
        "@tonaljs/midi": "^4.8.0"
      }
    },
    "node_modules/@tonaljs/pcset": {
      "version": "4.8.2",
      "resolved": "https://registry.npmjs.org/@tonaljs/pcset/-/pcset-4.8.2.tgz",
      "integrity": "sha512-AiNnswKlNSix84uMZrkUtTe7T+GqqHMsEt6oaIyjJa3bP7WqPbm0dWKDeLMb3JL5+6or1huew99epR9rqxkzvw==",
      "dependencies": {
        "@tonaljs/collection": "^4.8.0",
        "@tonaljs/core": "^4.8.0"
      }
    },
    "node_modules/@tonaljs/progression": {
      "version": "4.8.1",
      "resolved": "https://registry.npmjs.org/@tonaljs/progression/-/progression-4.8.1.tgz",
      "integrity": "sha512-1PnppCRIaqyiauzK0XD1tLiGYXQWv80rfXQl+Vo1nH6aNaQB1JKbf+guUCHUzkWJGm56iaYib5+VF3A3NvivKw==",
      "dependencies": {
        "@tonaljs/chord": "^5.0.0",
        "@tonaljs/core": "^4.8.0",
        "@tonaljs/roman-numeral": "^4.8.0"
      }
    },
    "node_modules/@tonaljs/progression/node_modules/@tonaljs/chord": {
      "version": "5.0.0",
      "resolved": "https://registry.npmjs.org/@tonaljs/chord/-/chord-5.0.0.tgz",
      "integrity": "sha512-B18w6n3mYw2zC/TaNJ+JQgFr+P57L6dTqf4MlPe2Vp5g3zIJw+ezYthUCTHRINGkp1iLDcvMADipOvdFrU8mLA==",
      "dependencies": {
        "@tonaljs/chord-detect": "^4.8.2",
        "@tonaljs/chord-type": "^5.0.0",
        "@tonaljs/collection": "^4.8.0",
        "@tonaljs/core": "^4.10.0",
        "@tonaljs/pcset": "^4.8.2",
        "@tonaljs/scale-type": "^4.8.2"
      }
    },
    "node_modules/@tonaljs/progression/node_modules/@tonaljs/chord-type": {
      "version": "5.0.0",
      "resolved": "https://registry.npmjs.org/@tonaljs/chord-type/-/chord-type-5.0.0.tgz",
      "integrity": "sha512-j9HnUt5cvZxJPghB9zA9JqQfH3Kw0WuAtucsKhvY/Sry75o/as8pE+m808TkNgfoW65B56f4FKxMUraWGVGyhQ==",
      "dependencies": {
        "@tonaljs/core": "^4.8.0",
        "@tonaljs/pcset": "^4.8.2"
      }
    },
    "node_modules/@tonaljs/range": {
      "version": "4.8.1",
      "resolved": "https://registry.npmjs.org/@tonaljs/range/-/range-4.8.1.tgz",
      "integrity": "sha512-UAyHBPh1SfqOo2w/BA6Rji3Sl1V0z/ggoE9+gS5aig13qUaVM8B3p2eanEgrxsRTN+yARPSE83CiWWbVqLKzWA==",
      "dependencies": {
        "@tonaljs/collection": "^4.8.0",
        "@tonaljs/midi": "^4.8.0"
      }
    },
    "node_modules/@tonaljs/roman-numeral": {
      "version": "4.8.0",
      "resolved": "https://registry.npmjs.org/@tonaljs/roman-numeral/-/roman-numeral-4.8.0.tgz",
      "integrity": "sha512-jktwfGXcs4qp5A0jy5pyWxgYkeGDcaldV9tiv7XnNR5yLwDm0D6S9rRlNlSo3n0wyDo3+Kh80hd3Mps+Gsf81w==",
      "dependencies": {
        "@tonaljs/core": "^4.8.0"
      }
    },
    "node_modules/@tonaljs/scale": {
      "version": "4.12.2",
      "resolved": "https://registry.npmjs.org/@tonaljs/scale/-/scale-4.12.2.tgz",
      "integrity": "sha512-WBiS1R3K85zTrNPJpp5PJyDycrE9kuyKDM2BmjbS3Oj2bVE2VqRY35h/NaxmR3ArbQZoZNX3MbQXe56S59jBJw==",
      "dependencies": {
        "@tonaljs/chord-type": "^5.0.0",
        "@tonaljs/collection": "^4.8.0",
        "@tonaljs/core": "^4.10.0",
        "@tonaljs/note": "^4.10.0",
        "@tonaljs/pcset": "^4.8.2",
        "@tonaljs/scale-type": "^4.8.2"
      }
    },
    "node_modules/@tonaljs/scale-type": {
      "version": "4.8.2",
      "resolved": "https://registry.npmjs.org/@tonaljs/scale-type/-/scale-type-4.8.2.tgz",
      "integrity": "sha512-egvHD8I7EMTJ1RaqK5LVKBXvY0eOY49utzP1QSideahLxS/zyq9ydu7CovKOa6+iic+ab6XomesEExZCCc63Zw==",
      "dependencies": {
        "@tonaljs/core": "^4.8.0",
        "@tonaljs/pcset": "^4.8.2"
      }
    },
    "node_modules/@tonaljs/scale/node_modules/@tonaljs/chord-type": {
      "version": "5.0.0",
      "resolved": "https://registry.npmjs.org/@tonaljs/chord-type/-/chord-type-5.0.0.tgz",
      "integrity": "sha512-j9HnUt5cvZxJPghB9zA9JqQfH3Kw0WuAtucsKhvY/Sry75o/as8pE+m808TkNgfoW65B56f4FKxMUraWGVGyhQ==",
      "dependencies": {
        "@tonaljs/core": "^4.8.0",
        "@tonaljs/pcset": "^4.8.2"
      }
    },
    "node_modules/@tonaljs/time-signature": {
      "version": "4.8.0",
      "resolved": "https://registry.npmjs.org/@tonaljs/time-signature/-/time-signature-4.8.0.tgz",
      "integrity": "sha512-ES5WoBC3aA5qQcVxh3GUc/Z1XAlnul/PCdlYrmTNAAJ4hgv4H5WHu15fWk7xRcCC6LZz6chfQNbSIXl9sNRdZQ=="
    },
    "node_modules/@tonaljs/tonal": {
      "version": "4.10.0",
      "resolved": "https://registry.npmjs.org/@tonaljs/tonal/-/tonal-4.10.0.tgz",
      "integrity": "sha512-F2T9Fiy+j0MVped89kCrX1XF68mQOLUnny4pDOHrIf+OkrjtLQOzzaSOrX1tx0o72WUwQm1knz6D1d57b9X1HA==",
      "dependencies": {
        "@tonaljs/abc-notation": "^4.8.0",
        "@tonaljs/array": "^4.8.0",
        "@tonaljs/chord": "^4.8.0",
        "@tonaljs/chord-type": "^4.8.0",
        "@tonaljs/collection": "^4.8.0",
        "@tonaljs/core": "^4.8.0",
        "@tonaljs/duration-value": "^4.8.0",
        "@tonaljs/interval": "^4.8.0",
        "@tonaljs/key": "^4.9.0",
        "@tonaljs/midi": "^4.8.0",
        "@tonaljs/mode": "^4.8.0",
        "@tonaljs/note": "^4.9.0",
        "@tonaljs/pcset": "^4.8.0",
        "@tonaljs/progression": "^4.8.0",
        "@tonaljs/range": "^4.8.0",
        "@tonaljs/roman-numeral": "^4.8.0",
        "@tonaljs/scale": "^4.9.0",
        "@tonaljs/scale-type": "^4.8.0",
        "@tonaljs/time-signature": "^4.8.0"
      }
    },
    "node_modules/@types/estree": {
      "version": "1.0.1",
      "resolved": "https://registry.npmjs.org/@types/estree/-/estree-1.0.1.tgz",
      "integrity": "sha512-LG4opVs2ANWZ1TJoKc937iMmNstM/d0ae1vNbnBvBhqCSezgVUOzcLCqbI5elV8Vy6WKwKjaqR+zO9VKirBBCA=="
    },
    "node_modules/@types/webmidi": {
      "version": "2.0.7",
      "resolved": "https://registry.npmjs.org/@types/webmidi/-/webmidi-2.0.7.tgz",
      "integrity": "sha512-BMVefNAum/swSmQJdTbRWBuDPeWT7fHAZEzmtY6eBl1ObvkWVzh39VvAFC8v9n7Y5XoOpWmeYzyUUVfmpq3ggQ==",
      "optional": true
    },
    "node_modules/acorn": {
      "version": "8.10.0",
      "resolved": "https://registry.npmjs.org/acorn/-/acorn-8.10.0.tgz",
      "integrity": "sha512-F0SAmZ8iUtS//m8DmCTA0jlh6TDKkHQyK6xc6V4KDTyZKA9dnvX9/3sRTVQrWm79glUAZbnmmNcdYwUIHWVybw==",
      "bin": {
        "acorn": "bin/acorn"
      },
      "engines": {
        "node": ">=0.4.0"
      }
    },
    "node_modules/chord-voicings": {
      "version": "0.0.1",
      "resolved": "https://registry.npmjs.org/chord-voicings/-/chord-voicings-0.0.1.tgz",
      "integrity": "sha512-SutgB/4ynkkuiK6qdQ/k3QvCFcH0Vj8Ch4t6LbRyRQbVzP/TOztiCk3kvXd516UZ6fqk7ijDRELEFcKN+6V8sA==",
      "dependencies": {
        "@tonaljs/tonal": "^4.6.5"
      }
    },
    "node_modules/djipevents": {
      "version": "2.0.7",
      "resolved": "https://registry.npmjs.org/djipevents/-/djipevents-2.0.7.tgz",
      "integrity": "sha512-KNFYaU85imxOCKOUsIR70Iz9E19r96/X7LSH+u0tSoZdpWcBdzoqtTsU+wuLhc6GMpSFob+KInkZAbfKi01Bjg==",
      "dependencies": {
        "@babel/runtime": "^7.20.6"
      }
    },
    "node_modules/escodegen": {
      "version": "2.1.0",
      "resolved": "https://registry.npmjs.org/escodegen/-/escodegen-2.1.0.tgz",
      "integrity": "sha512-2NlIDTwUWJN0mRPQOdtQBzbUHvdGY2P1VXSyU83Q3xKxM7WHX2Ql8dKq782Q9TgQUNOLEzEYu9bzLNj1q88I5w==",
      "dependencies": {
        "esprima": "^4.0.1",
        "estraverse": "^5.2.0",
        "esutils": "^2.0.2"
      },
      "bin": {
        "escodegen": "bin/escodegen.js",
        "esgenerate": "bin/esgenerate.js"
      },
      "engines": {
        "node": ">=6.0"
      },
      "optionalDependencies": {
        "source-map": "~0.6.1"
      }
    },
    "node_modules/esprima": {
      "version": "4.0.1",
      "resolved": "https://registry.npmjs.org/esprima/-/esprima-4.0.1.tgz",
      "integrity": "sha512-eGuFFw7Upda+g4p+QHvnW0RyTX/SVeJBDM/gCtMARO0cLuT2HcEKnTPvhjV6aGeqrCB/sbNop0Kszm0jsaWU4A==",
      "bin": {
        "esparse": "bin/esparse.js",
        "esvalidate": "bin/esvalidate.js"
      },
      "engines": {
        "node": ">=4"
      }
    },
    "node_modules/estraverse": {
      "version": "5.3.0",
      "resolved": "https://registry.npmjs.org/estraverse/-/estraverse-5.3.0.tgz",
      "integrity": "sha512-MMdARuVEQziNTeJD8DgMqmhwR11BRQ/cBP+pLtYdSTnf3MIO8fFeiINEbX36ZdNlfU/7A9f3gUw49B3oQsvwBA==",
      "engines": {
        "node": ">=4.0"
      }
    },
    "node_modules/estree-walker": {
      "version": "3.0.3",
      "resolved": "https://registry.npmjs.org/estree-walker/-/estree-walker-3.0.3.tgz",
      "integrity": "sha512-7RUKfXgSMMkzt6ZuXmqapOurLGPPfgj6l9uRZ7lRGolvk0y2yocc35LdcxKC5PQZdn2DMqioAQ2NoWcrTKmm6g==",
      "dependencies": {
        "@types/estree": "^1.0.0"
      }
    },
    "node_modules/esutils": {
      "version": "2.0.3",
      "resolved": "https://registry.npmjs.org/esutils/-/esutils-2.0.3.tgz",
      "integrity": "sha512-kVscqXk4OCp68SZ0dkgEKVi6/8ij300KBWTJq32P/dYeWTSwK41WyTxalN1eRmA5Z9UU/LX9D7FWSmV9SAYx6g==",
      "engines": {
        "node": ">=0.10.0"
      }
    },
    "node_modules/fraction.js": {
      "version": "4.2.0",
      "resolved": "https://registry.npmjs.org/fraction.js/-/fraction.js-4.2.0.tgz",
      "integrity": "sha512-MhLuK+2gUcnZe8ZHlaaINnQLl0xRIGRfcGk2yl8xoQAfHrSsL3rYu6FCmBdkdbhc9EPlwyGHewaRsvwRMJtAlA==",
      "engines": {
        "node": "*"
      },
      "funding": {
        "type": "patreon",
        "url": "https://www.patreon.com/infusion"
      }
    },
    "node_modules/jazz-midi": {
      "version": "1.7.9",
      "resolved": "https://registry.npmjs.org/jazz-midi/-/jazz-midi-1.7.9.tgz",
      "integrity": "sha512-c8c4BBgwxdsIr1iVm53nadCrtH7BUlnX3V95ciK/gbvXN/ndE5+POskBalXgqlc/r9p2XUbdLTrgrC6fou5p9w==",
      "optional": true,
      "engines": {
        "node": ">=10.0.0"
      }
    },
    "node_modules/jzz": {
      "version": "1.6.6",
      "resolved": "https://registry.npmjs.org/jzz/-/jzz-1.6.6.tgz",
      "integrity": "sha512-Swp7o+fCvXUDgL6o9mQ/KsuFPrhppjusLF4xtgNVBP4MGctkNx+2SZ/KoXWV0cEgEAwVZEWAQcXxyIZVpo76mg==",
      "optional": true,
      "dependencies": {
        "@types/webmidi": "^2.0.7",
        "jazz-midi": "^1.7.9"
      }
    },
    "node_modules/nanostores": {
      "version": "0.8.1",
      "resolved": "https://registry.npmjs.org/nanostores/-/nanostores-0.8.1.tgz",
      "integrity": "sha512-1ZCfQtII2XeFDrtqXL2cdQ/diGrLxzRB3YMyQjn8m7GSGQrJfGST2iuqMpWnS/ZlifhtjgR/SX0Jy6Uij6lRLA==",
      "funding": [
        {
          "type": "github",
          "url": "https://github.com/sponsors/ai"
        }
      ],
      "engines": {
        "node": "^16.0.0 || >=18.0.0"
      }
    },
    "node_modules/node-web-audio-api": {
      "version": "0.10.0",
      "resolved": "https://registry.npmjs.org/node-web-audio-api/-/node-web-audio-api-0.10.0.tgz",
      "integrity": "sha512-df8BQsY7QMvShcWlcP1VpK790gvlBzOr9iBOr9oNdqoXil7ATs+fM07b3+PDk/r2I5oavdiBYzif52VVtan/+w==",
      "dependencies": {
        "@napi-rs/cli": "^2.14.3",
        "@node-rs/helper": "^1.3.3"
      },
      "engines": {
        "node": ">= 14"
      }
    },
    "node_modules/regenerator-runtime": {
      "version": "0.13.11",
      "resolved": "https://registry.npmjs.org/regenerator-runtime/-/regenerator-runtime-0.13.11.tgz",
      "integrity": "sha512-kY1AZVr2Ra+t+piVaJ4gxaFaReZVH40AKNo7UCX6W+dEwBo/2oZJzqfuN1qLq1oL45o56cPaTXELwrTh8Fpggg=="
    },
    "node_modules/source-map": {
      "version": "0.6.1",
      "resolved": "https://registry.npmjs.org/source-map/-/source-map-0.6.1.tgz",
      "integrity": "sha512-UjgapumWlbMhkBgzT7Ykc5YXUT46F0iKu8SGXq0bcwP5dz/h0Plj6enJqjz1Zbq2l5WaqYnrVbwWOWMyF3F47g==",
      "optional": true,
      "engines": {
        "node": ">=0.10.0"
      }
    },
    "node_modules/webmidi": {
      "version": "3.1.6",
      "resolved": "https://registry.npmjs.org/webmidi/-/webmidi-3.1.6.tgz",
      "integrity": "sha512-IeC7dsm9bupL7Z6PZxVGAbcrguclJ0VAxn3+7UjoZazZWKEwwnq3/ToDbHQdWzOOLwat4fYjp978X1Rd3SQ8Qg==",
      "dependencies": {
        "djipevents": "^2.0.7"
      },
      "engines": {
        "node": ">=8.5"
      },
      "optionalDependencies": {
        "jzz": "^1.5.6"
      }
    }
  },
  "dependencies": {
    "@babel/runtime": {
      "version": "7.22.6",
      "resolved": "https://registry.npmjs.org/@babel/runtime/-/runtime-7.22.6.tgz",
      "integrity": "sha512-wDb5pWm4WDdF6LFUde3Jl8WzPA+3ZbxYqkC6xAXuD3irdEHN1k0NfTRrJD8ZD378SJ61miMLCqIOXYhd8x+AJQ==",
      "requires": {
        "regenerator-runtime": "^0.13.11"
      }
    },
    "@napi-rs/cli": {
      "version": "2.16.1",
      "resolved": "https://registry.npmjs.org/@napi-rs/cli/-/cli-2.16.1.tgz",
      "integrity": "sha512-L0Gr5iEQIDEbvWdDr1HUaBOxBSHL1VZhWSk1oryawoT8qJIY+KGfLFelU+Qma64ivCPbxYpkfPoKYVG3rcoGIA=="
    },
    "@napi-rs/triples": {
      "version": "1.1.0",
      "resolved": "https://registry.npmjs.org/@napi-rs/triples/-/triples-1.1.0.tgz",
      "integrity": "sha512-XQr74QaLeMiqhStEhLn1im9EOMnkypp7MZOwQhGzqp2Weu5eQJbpPxWxixxlYRKWPOmJjsk6qYfYH9kq43yc2w=="
    },
    "@node-rs/helper": {
      "version": "1.3.3",
      "resolved": "https://registry.npmjs.org/@node-rs/helper/-/helper-1.3.3.tgz",
      "integrity": "sha512-p4OdfQObGN9YFy5WZaGwlPYICQSe7xZYyXB0sxREmvj1HzGKp5bPg2PlfgfMZEfnjIA882B9ZrnagYzZihIwjA==",
      "requires": {
        "@napi-rs/triples": "^1.1.0"
      }
    },
    "@strudel.cycles/core": {
      "version": "0.8.2",
      "resolved": "https://registry.npmjs.org/@strudel.cycles/core/-/core-0.8.2.tgz",
      "integrity": "sha512-rmtrDfy6S/NH9HgFy4rVRRAwVXzYvR85Qwqr/WQqEZQh6OCBW9yXQQWGOZYiBi85Y2FZqwWppBImyGVA6ZzuyA==",
      "requires": {
        "fraction.js": "^4.2.0"
      }
    },
    "@strudel.cycles/mini": {
      "version": "0.8.2",
      "resolved": "https://registry.npmjs.org/@strudel.cycles/mini/-/mini-0.8.2.tgz",
      "integrity": "sha512-hHpNPVsM6NElGRtPhFCUI4mZaW0+vAScVHbDpQAvTkaRWc3uUd/TBqDQpyQzPwbX2U29lTSYK7ZzbclVEaoPZQ==",
      "requires": {
        "@strudel.cycles/core": "0.8.2"
      }
    },
    "@strudel.cycles/tonal": {
      "version": "0.8.2",
      "resolved": "https://registry.npmjs.org/@strudel.cycles/tonal/-/tonal-0.8.2.tgz",
      "integrity": "sha512-bHnQDd3Sl+raHeTClLZFGuVvH3fzG4w9amioINc+jleWu6hPTt2Uaq1uUV1LJ2+NPb2GlpuyfY09spyY/92n4Q==",
      "requires": {
        "@strudel.cycles/core": "0.8.2",
        "@tonaljs/tonal": "^4.7.2",
        "chord-voicings": "^0.0.1",
        "webmidi": "^3.1.5"
      }
    },
    "@strudel.cycles/transpiler": {
      "version": "0.8.2",
      "resolved": "https://registry.npmjs.org/@strudel.cycles/transpiler/-/transpiler-0.8.2.tgz",
      "integrity": "sha512-iGdFT/HEayY0TJnsk2PwN5XxoBEvgBJjFHTEjnQw7fR5zxzEQXKnE1hGNBT/czzIwSEzyw3ZECCMc05xpeaZrw==",
      "requires": {
        "@strudel.cycles/core": "0.8.2",
        "acorn": "^8.8.1",
        "escodegen": "^2.0.0",
        "estree-walker": "^3.0.1"
      }
    },
    "@strudel.cycles/webaudio": {
      "version": "0.8.2",
      "resolved": "https://registry.npmjs.org/@strudel.cycles/webaudio/-/webaudio-0.8.2.tgz",
      "integrity": "sha512-IdjSuqd8BUYJ8BOl3lJ8uJCR4G5g0W1YryhPp3uUQ7NaVDlaM4ZnC8qejEI8yoBF+ntWKHInjf5qpj7v5+ttbA==",
      "requires": {
        "@strudel.cycles/core": "0.8.2",
        "nanostores": "^0.8.1"
      }
    },
    "@tonaljs/abc-notation": {
      "version": "4.8.0",
      "resolved": "https://registry.npmjs.org/@tonaljs/abc-notation/-/abc-notation-4.8.0.tgz",
      "integrity": "sha512-JggT/DW4rMxu+q1WkeACrg52is3acp9zaW4LJmCheFi3CmLa63sy7/6mgKnlScTOvcpAyTcSytu0VbQHRXyBDA==",
      "requires": {
        "@tonaljs/core": "^4.8.0"
      }
    },
    "@tonaljs/array": {
      "version": "4.8.0",
      "resolved": "https://registry.npmjs.org/@tonaljs/array/-/array-4.8.0.tgz",
      "integrity": "sha512-lWCUBRUVWtDV0kl/fjOgICRWzBYWZdJEk1h0vVzpuPaXW6Yz3JfjyKPtLbzYTkgSr1PqcjxVGNwxilz9c2NNkQ==",
      "requires": {
        "@tonaljs/core": "^4.8.0"
      }
    },
    "@tonaljs/chord": {
      "version": "4.10.2",
      "resolved": "https://registry.npmjs.org/@tonaljs/chord/-/chord-4.10.2.tgz",
      "integrity": "sha512-Zlqtq6c6T4y+EqvwHRQp9icEjHqyniCpnIwwCFg5amgAQwXmWzarouOOSmcdJ1Is92eEvcPVuCoLiVUtajS30A==",
      "requires": {
        "@tonaljs/chord-detect": "^4.8.1",
        "@tonaljs/chord-type": "^4.8.2",
        "@tonaljs/collection": "^4.8.0",
        "@tonaljs/core": "^4.10.0",
        "@tonaljs/pcset": "^4.8.2",
        "@tonaljs/scale-type": "^4.8.2"
      }
    },
    "@tonaljs/chord-detect": {
      "version": "4.8.2",
      "resolved": "https://registry.npmjs.org/@tonaljs/chord-detect/-/chord-detect-4.8.2.tgz",
      "integrity": "sha512-Qee18RXanmav+/LBoHC6UFvQ/0330IueJAr0BDSDkpFjJaWq4Co0mrFXWufKd0QO/Cc86/HRbkWb3asZ+p+Pzg==",
      "requires": {
        "@tonaljs/chord-type": "^5.0.0",
        "@tonaljs/core": "^4.8.0",
        "@tonaljs/pcset": "^4.8.2"
      },
      "dependencies": {
        "@tonaljs/chord-type": {
          "version": "5.0.0",
          "resolved": "https://registry.npmjs.org/@tonaljs/chord-type/-/chord-type-5.0.0.tgz",
          "integrity": "sha512-j9HnUt5cvZxJPghB9zA9JqQfH3Kw0WuAtucsKhvY/Sry75o/as8pE+m808TkNgfoW65B56f4FKxMUraWGVGyhQ==",
          "requires": {
            "@tonaljs/core": "^4.8.0",
            "@tonaljs/pcset": "^4.8.2"
          }
        }
      }
    },
    "@tonaljs/chord-type": {
      "version": "4.8.2",
      "resolved": "https://registry.npmjs.org/@tonaljs/chord-type/-/chord-type-4.8.2.tgz",
      "integrity": "sha512-GzSTjQmZjkUdPhyesFDeJbxpW8R7L/bAE34E8ApGAh9FMcKYpRdX3Tn+gkluRsXOiRMfW07p3E0Adx4bjtyN+Q==",
      "requires": {
        "@tonaljs/core": "^4.8.0",
        "@tonaljs/pcset": "^4.8.2"
      }
    },
    "@tonaljs/collection": {
      "version": "4.8.0",
      "resolved": "https://registry.npmjs.org/@tonaljs/collection/-/collection-4.8.0.tgz",
      "integrity": "sha512-NSnqUDqnCZajYGPH4+27y6UAflX+RrAZQdP9YNBuJoTFtdSDrqV3cJoPdr2DRpGCK3Nuzw1dU8DlGsyWwNwlmg=="
    },
    "@tonaljs/core": {
      "version": "4.10.0",
      "resolved": "https://registry.npmjs.org/@tonaljs/core/-/core-4.10.0.tgz",
      "integrity": "sha512-+AH7NP9iiAGil+X7NlKGlQvls/KByQmxR51d5O+y6IjHltOkVUXk74oZuxW7zF0IsKchFn8Okr0sxqFmgsQmpA=="
    },
    "@tonaljs/duration-value": {
      "version": "4.8.0",
      "resolved": "https://registry.npmjs.org/@tonaljs/duration-value/-/duration-value-4.8.0.tgz",
      "integrity": "sha512-ewWVKtYCzNkSNaFoEn6NqL5vCmHTqoN+qngoUG2Sy2ZvGCk1pwx3ckJVUkJmYrkxP4PbQASPgJi0y+0fjgVJug=="
    },
    "@tonaljs/interval": {
      "version": "4.8.0",
      "resolved": "https://registry.npmjs.org/@tonaljs/interval/-/interval-4.8.0.tgz",
      "integrity": "sha512-R+1OvqRS0lFqzmzorbL0cwqZLVRnDw2kmwNtgF17A2vqcZI9aDDH/XELPLLUcZ7ykeIu4X9t/v+yTwREj+nUrA==",
      "requires": {
        "@tonaljs/core": "^4.8.0"
      }
    },
    "@tonaljs/key": {
      "version": "4.9.1",
      "resolved": "https://registry.npmjs.org/@tonaljs/key/-/key-4.9.1.tgz",
      "integrity": "sha512-WL/8raLnrcv6qpBog0HNp16/ifleeapZjU2PVTnIJ2DhuVgqtI8ccCyZHAURFdMmwYmn1Gf1VnvUAmG7RmqHJg==",
      "requires": {
        "@tonaljs/core": "^4.8.0",
        "@tonaljs/note": "^4.8.0",
        "@tonaljs/roman-numeral": "^4.8.0"
      }
    },
    "@tonaljs/midi": {
      "version": "4.9.0",
      "resolved": "https://registry.npmjs.org/@tonaljs/midi/-/midi-4.9.0.tgz",
      "integrity": "sha512-zi6lK2OC2EA8E1Nl011erWAZgOSlrfstJMgnrbm4/nLDegotg5ALbMnfX/s+SIfSSFcXn/Og1d8xwPeAwoaUyg==",
      "requires": {
        "@tonaljs/core": "^4.8.0"
      }
    },
    "@tonaljs/mode": {
      "version": "4.8.1",
      "resolved": "https://registry.npmjs.org/@tonaljs/mode/-/mode-4.8.1.tgz",
      "integrity": "sha512-mzGQz3T+DMjWgOHlt7ZKyoRL6rGOKeOn1BXZdDFU0Bng+WQwHOhoBF/0eA+7l+1QxXBntjGiESO6aq2ktODF/w==",
      "requires": {
        "@tonaljs/collection": "^4.8.0",
        "@tonaljs/core": "^4.8.0",
        "@tonaljs/interval": "^4.8.0",
        "@tonaljs/pcset": "^4.8.2",
        "@tonaljs/scale-type": "^4.8.2"
      }
    },
    "@tonaljs/note": {
      "version": "4.10.0",
      "resolved": "https://registry.npmjs.org/@tonaljs/note/-/note-4.10.0.tgz",
      "integrity": "sha512-jWyxk9Dom+vsucj3dWG9z4j6WhZqbY7gkKsS14fHeo7g8qUZTVZFsr8ulpHyLPXN3EhLwHDU7CxIQ1klkPE33A==",
      "requires": {
        "@tonaljs/core": "^4.9.0",
        "@tonaljs/midi": "^4.8.0"
      }
    },
    "@tonaljs/pcset": {
      "version": "4.8.2",
      "resolved": "https://registry.npmjs.org/@tonaljs/pcset/-/pcset-4.8.2.tgz",
      "integrity": "sha512-AiNnswKlNSix84uMZrkUtTe7T+GqqHMsEt6oaIyjJa3bP7WqPbm0dWKDeLMb3JL5+6or1huew99epR9rqxkzvw==",
      "requires": {
        "@tonaljs/collection": "^4.8.0",
        "@tonaljs/core": "^4.8.0"
      }
    },
    "@tonaljs/progression": {
      "version": "4.8.1",
      "resolved": "https://registry.npmjs.org/@tonaljs/progression/-/progression-4.8.1.tgz",
      "integrity": "sha512-1PnppCRIaqyiauzK0XD1tLiGYXQWv80rfXQl+Vo1nH6aNaQB1JKbf+guUCHUzkWJGm56iaYib5+VF3A3NvivKw==",
      "requires": {
        "@tonaljs/chord": "^5.0.0",
        "@tonaljs/core": "^4.8.0",
        "@tonaljs/roman-numeral": "^4.8.0"
      },
      "dependencies": {
        "@tonaljs/chord": {
          "version": "5.0.0",
          "resolved": "https://registry.npmjs.org/@tonaljs/chord/-/chord-5.0.0.tgz",
          "integrity": "sha512-B18w6n3mYw2zC/TaNJ+JQgFr+P57L6dTqf4MlPe2Vp5g3zIJw+ezYthUCTHRINGkp1iLDcvMADipOvdFrU8mLA==",
          "requires": {
            "@tonaljs/chord-detect": "^4.8.2",
            "@tonaljs/chord-type": "^5.0.0",
            "@tonaljs/collection": "^4.8.0",
            "@tonaljs/core": "^4.10.0",
            "@tonaljs/pcset": "^4.8.2",
            "@tonaljs/scale-type": "^4.8.2"
          }
        },
        "@tonaljs/chord-type": {
          "version": "5.0.0",
          "resolved": "https://registry.npmjs.org/@tonaljs/chord-type/-/chord-type-5.0.0.tgz",
          "integrity": "sha512-j9HnUt5cvZxJPghB9zA9JqQfH3Kw0WuAtucsKhvY/Sry75o/as8pE+m808TkNgfoW65B56f4FKxMUraWGVGyhQ==",
          "requires": {
            "@tonaljs/core": "^4.8.0",
            "@tonaljs/pcset": "^4.8.2"
          }
        }
      }
    },
    "@tonaljs/range": {
      "version": "4.8.1",
      "resolved": "https://registry.npmjs.org/@tonaljs/range/-/range-4.8.1.tgz",
      "integrity": "sha512-UAyHBPh1SfqOo2w/BA6Rji3Sl1V0z/ggoE9+gS5aig13qUaVM8B3p2eanEgrxsRTN+yARPSE83CiWWbVqLKzWA==",
      "requires": {
        "@tonaljs/collection": "^4.8.0",
        "@tonaljs/midi": "^4.8.0"
      }
    },
    "@tonaljs/roman-numeral": {
      "version": "4.8.0",
      "resolved": "https://registry.npmjs.org/@tonaljs/roman-numeral/-/roman-numeral-4.8.0.tgz",
      "integrity": "sha512-jktwfGXcs4qp5A0jy5pyWxgYkeGDcaldV9tiv7XnNR5yLwDm0D6S9rRlNlSo3n0wyDo3+Kh80hd3Mps+Gsf81w==",
      "requires": {
        "@tonaljs/core": "^4.8.0"
      }
    },
    "@tonaljs/scale": {
      "version": "4.12.2",
      "resolved": "https://registry.npmjs.org/@tonaljs/scale/-/scale-4.12.2.tgz",
      "integrity": "sha512-WBiS1R3K85zTrNPJpp5PJyDycrE9kuyKDM2BmjbS3Oj2bVE2VqRY35h/NaxmR3ArbQZoZNX3MbQXe56S59jBJw==",
      "requires": {
        "@tonaljs/chord-type": "^5.0.0",
        "@tonaljs/collection": "^4.8.0",
        "@tonaljs/core": "^4.10.0",
        "@tonaljs/note": "^4.10.0",
        "@tonaljs/pcset": "^4.8.2",
        "@tonaljs/scale-type": "^4.8.2"
      },
      "dependencies": {
        "@tonaljs/chord-type": {
          "version": "5.0.0",
          "resolved": "https://registry.npmjs.org/@tonaljs/chord-type/-/chord-type-5.0.0.tgz",
          "integrity": "sha512-j9HnUt5cvZxJPghB9zA9JqQfH3Kw0WuAtucsKhvY/Sry75o/as8pE+m808TkNgfoW65B56f4FKxMUraWGVGyhQ==",
          "requires": {
            "@tonaljs/core": "^4.8.0",
            "@tonaljs/pcset": "^4.8.2"
          }
        }
      }
    },
    "@tonaljs/scale-type": {
      "version": "4.8.2",
      "resolved": "https://registry.npmjs.org/@tonaljs/scale-type/-/scale-type-4.8.2.tgz",
      "integrity": "sha512-egvHD8I7EMTJ1RaqK5LVKBXvY0eOY49utzP1QSideahLxS/zyq9ydu7CovKOa6+iic+ab6XomesEExZCCc63Zw==",
      "requires": {
        "@tonaljs/core": "^4.8.0",
        "@tonaljs/pcset": "^4.8.2"
      }
    },
    "@tonaljs/time-signature": {
      "version": "4.8.0",
      "resolved": "https://registry.npmjs.org/@tonaljs/time-signature/-/time-signature-4.8.0.tgz",
      "integrity": "sha512-ES5WoBC3aA5qQcVxh3GUc/Z1XAlnul/PCdlYrmTNAAJ4hgv4H5WHu15fWk7xRcCC6LZz6chfQNbSIXl9sNRdZQ=="
    },
    "@tonaljs/tonal": {
      "version": "4.10.0",
      "resolved": "https://registry.npmjs.org/@tonaljs/tonal/-/tonal-4.10.0.tgz",
      "integrity": "sha512-F2T9Fiy+j0MVped89kCrX1XF68mQOLUnny4pDOHrIf+OkrjtLQOzzaSOrX1tx0o72WUwQm1knz6D1d57b9X1HA==",
      "requires": {
        "@tonaljs/abc-notation": "^4.8.0",
        "@tonaljs/array": "^4.8.0",
        "@tonaljs/chord": "^4.8.0",
        "@tonaljs/chord-type": "^4.8.0",
        "@tonaljs/collection": "^4.8.0",
        "@tonaljs/core": "^4.8.0",
        "@tonaljs/duration-value": "^4.8.0",
        "@tonaljs/interval": "^4.8.0",
        "@tonaljs/key": "^4.9.0",
        "@tonaljs/midi": "^4.8.0",
        "@tonaljs/mode": "^4.8.0",
        "@tonaljs/note": "^4.9.0",
        "@tonaljs/pcset": "^4.8.0",
        "@tonaljs/progression": "^4.8.0",
        "@tonaljs/range": "^4.8.0",
        "@tonaljs/roman-numeral": "^4.8.0",
        "@tonaljs/scale": "^4.9.0",
        "@tonaljs/scale-type": "^4.8.0",
        "@tonaljs/time-signature": "^4.8.0"
      }
    },
    "@types/estree": {
      "version": "1.0.1",
      "resolved": "https://registry.npmjs.org/@types/estree/-/estree-1.0.1.tgz",
      "integrity": "sha512-LG4opVs2ANWZ1TJoKc937iMmNstM/d0ae1vNbnBvBhqCSezgVUOzcLCqbI5elV8Vy6WKwKjaqR+zO9VKirBBCA=="
    },
    "@types/webmidi": {
      "version": "2.0.7",
      "resolved": "https://registry.npmjs.org/@types/webmidi/-/webmidi-2.0.7.tgz",
      "integrity": "sha512-BMVefNAum/swSmQJdTbRWBuDPeWT7fHAZEzmtY6eBl1ObvkWVzh39VvAFC8v9n7Y5XoOpWmeYzyUUVfmpq3ggQ==",
      "optional": true
    },
    "acorn": {
      "version": "8.10.0",
      "resolved": "https://registry.npmjs.org/acorn/-/acorn-8.10.0.tgz",
      "integrity": "sha512-F0SAmZ8iUtS//m8DmCTA0jlh6TDKkHQyK6xc6V4KDTyZKA9dnvX9/3sRTVQrWm79glUAZbnmmNcdYwUIHWVybw=="
    },
    "chord-voicings": {
      "version": "0.0.1",
      "resolved": "https://registry.npmjs.org/chord-voicings/-/chord-voicings-0.0.1.tgz",
      "integrity": "sha512-SutgB/4ynkkuiK6qdQ/k3QvCFcH0Vj8Ch4t6LbRyRQbVzP/TOztiCk3kvXd516UZ6fqk7ijDRELEFcKN+6V8sA==",
      "requires": {
        "@tonaljs/tonal": "^4.6.5"
      }
    },
    "djipevents": {
      "version": "2.0.7",
      "resolved": "https://registry.npmjs.org/djipevents/-/djipevents-2.0.7.tgz",
      "integrity": "sha512-KNFYaU85imxOCKOUsIR70Iz9E19r96/X7LSH+u0tSoZdpWcBdzoqtTsU+wuLhc6GMpSFob+KInkZAbfKi01Bjg==",
      "requires": {
        "@babel/runtime": "^7.20.6"
      }
    },
    "escodegen": {
      "version": "2.1.0",
      "resolved": "https://registry.npmjs.org/escodegen/-/escodegen-2.1.0.tgz",
      "integrity": "sha512-2NlIDTwUWJN0mRPQOdtQBzbUHvdGY2P1VXSyU83Q3xKxM7WHX2Ql8dKq782Q9TgQUNOLEzEYu9bzLNj1q88I5w==",
      "requires": {
        "esprima": "^4.0.1",
        "estraverse": "^5.2.0",
        "esutils": "^2.0.2",
        "source-map": "~0.6.1"
      }
    },
    "esprima": {
      "version": "4.0.1",
      "resolved": "https://registry.npmjs.org/esprima/-/esprima-4.0.1.tgz",
      "integrity": "sha512-eGuFFw7Upda+g4p+QHvnW0RyTX/SVeJBDM/gCtMARO0cLuT2HcEKnTPvhjV6aGeqrCB/sbNop0Kszm0jsaWU4A=="
    },
    "estraverse": {
      "version": "5.3.0",
      "resolved": "https://registry.npmjs.org/estraverse/-/estraverse-5.3.0.tgz",
      "integrity": "sha512-MMdARuVEQziNTeJD8DgMqmhwR11BRQ/cBP+pLtYdSTnf3MIO8fFeiINEbX36ZdNlfU/7A9f3gUw49B3oQsvwBA=="
    },
    "estree-walker": {
      "version": "3.0.3",
      "resolved": "https://registry.npmjs.org/estree-walker/-/estree-walker-3.0.3.tgz",
      "integrity": "sha512-7RUKfXgSMMkzt6ZuXmqapOurLGPPfgj6l9uRZ7lRGolvk0y2yocc35LdcxKC5PQZdn2DMqioAQ2NoWcrTKmm6g==",
      "requires": {
        "@types/estree": "^1.0.0"
      }
    },
    "esutils": {
      "version": "2.0.3",
      "resolved": "https://registry.npmjs.org/esutils/-/esutils-2.0.3.tgz",
      "integrity": "sha512-kVscqXk4OCp68SZ0dkgEKVi6/8ij300KBWTJq32P/dYeWTSwK41WyTxalN1eRmA5Z9UU/LX9D7FWSmV9SAYx6g=="
    },
    "fraction.js": {
      "version": "4.2.0",
      "resolved": "https://registry.npmjs.org/fraction.js/-/fraction.js-4.2.0.tgz",
      "integrity": "sha512-MhLuK+2gUcnZe8ZHlaaINnQLl0xRIGRfcGk2yl8xoQAfHrSsL3rYu6FCmBdkdbhc9EPlwyGHewaRsvwRMJtAlA=="
    },
    "jazz-midi": {
      "version": "1.7.9",
      "resolved": "https://registry.npmjs.org/jazz-midi/-/jazz-midi-1.7.9.tgz",
      "integrity": "sha512-c8c4BBgwxdsIr1iVm53nadCrtH7BUlnX3V95ciK/gbvXN/ndE5+POskBalXgqlc/r9p2XUbdLTrgrC6fou5p9w==",
      "optional": true
    },
    "jzz": {
      "version": "1.6.6",
      "resolved": "https://registry.npmjs.org/jzz/-/jzz-1.6.6.tgz",
      "integrity": "sha512-Swp7o+fCvXUDgL6o9mQ/KsuFPrhppjusLF4xtgNVBP4MGctkNx+2SZ/KoXWV0cEgEAwVZEWAQcXxyIZVpo76mg==",
      "optional": true,
      "requires": {
        "@types/webmidi": "^2.0.7",
        "jazz-midi": "^1.7.9"
      }
    },
    "nanostores": {
      "version": "0.8.1",
      "resolved": "https://registry.npmjs.org/nanostores/-/nanostores-0.8.1.tgz",
      "integrity": "sha512-1ZCfQtII2XeFDrtqXL2cdQ/diGrLxzRB3YMyQjn8m7GSGQrJfGST2iuqMpWnS/ZlifhtjgR/SX0Jy6Uij6lRLA=="
    },
    "node-web-audio-api": {
      "version": "0.10.0",
      "resolved": "https://registry.npmjs.org/node-web-audio-api/-/node-web-audio-api-0.10.0.tgz",
      "integrity": "sha512-df8BQsY7QMvShcWlcP1VpK790gvlBzOr9iBOr9oNdqoXil7ATs+fM07b3+PDk/r2I5oavdiBYzif52VVtan/+w==",
      "requires": {
        "@napi-rs/cli": "^2.14.3",
        "@node-rs/helper": "^1.3.3"
      }
    },
    "regenerator-runtime": {
      "version": "0.13.11",
      "resolved": "https://registry.npmjs.org/regenerator-runtime/-/regenerator-runtime-0.13.11.tgz",
      "integrity": "sha512-kY1AZVr2Ra+t+piVaJ4gxaFaReZVH40AKNo7UCX6W+dEwBo/2oZJzqfuN1qLq1oL45o56cPaTXELwrTh8Fpggg=="
    },
    "source-map": {
      "version": "0.6.1",
      "resolved": "https://registry.npmjs.org/source-map/-/source-map-0.6.1.tgz",
      "integrity": "sha512-UjgapumWlbMhkBgzT7Ykc5YXUT46F0iKu8SGXq0bcwP5dz/h0Plj6enJqjz1Zbq2l5WaqYnrVbwWOWMyF3F47g==",
      "optional": true
    },
    "webmidi": {
      "version": "3.1.6",
      "resolved": "https://registry.npmjs.org/webmidi/-/webmidi-3.1.6.tgz",
      "integrity": "sha512-IeC7dsm9bupL7Z6PZxVGAbcrguclJ0VAxn3+7UjoZazZWKEwwnq3/ToDbHQdWzOOLwat4fYjp978X1Rd3SQ8Qg==",
      "requires": {
        "djipevents": "^2.0.7",
        "jzz": "^1.5.6"
      }
    }
  }
}
