{
  "name": "strudel-cli",
  "version": "1.0.0",
  "lockfileVersion": 3,
  "requires": true,
  "packages": {
    "": {
      "name": "strudel-cli",
      "version": "1.0.0",
      "license": "ACSL",
      "dependencies": {
        "@strudel/core": "^1.2.3",
        "@strudel/mini": "^1.2.3",
        "@strudel/tonal": "^1.2.3",
        "@strudel/transpiler": "^1.2.3",
        "@strudel/webaudio": "^1.2.3",
        "node-web-audio-api": "^1.0.4"
      }
    },
    "node_modules/@babel/runtime": {
      "version": "7.28.4",
      "resolved": "https://registry.npmjs.org/@babel/runtime/-/runtime-7.28.4.tgz",
      "integrity": "sha512-Q/N6JNWvIvPnLDvjlE1OUBLPQHH6l3CltCEsHIujp45zQUSSh8K+gHnaEX45yAT1nyngnINhvWtzN+Nb9D8RAQ==",
      "license": "MIT",
      "engines": {
        "node": ">=6.9.0"
      }
    },
    "node_modules/@strudel/core": {
      "version": "1.2.3",
      "resolved": "https://registry.npmjs.org/@strudel/core/-/core-1.2.3.tgz",
      "integrity": "sha512-K+pUG8p8lObl09jVSrSUVddrKb+4Chcs7a9/qANp3DKLyh6AdKf2XuHWlzfqY540oOwh2hHMlKp0KzTpNkKDJw==",
      "license": "AGPL-3.0-or-later",
      "dependencies": {
        "fraction.js": "^5.2.1"
      }
    },
    "node_modules/@strudel/draw": {
      "version": "1.2.2",
      "resolved": "https://registry.npmjs.org/@strudel/draw/-/draw-1.2.2.tgz",
      "integrity": "sha512-0Vmva6lc51L4rDcLwpGeoQ14t1/2RoyzhI6Sfa3drTALa69E3Jg2bn4o/sZgaifNRkPJhbIOdCqIVcir69Aj6w==",
      "license": "AGPL-3.0-or-later",
      "dependencies": {
        "@strudel/core": "1.2.2"
      }
    },
    "node_modules/@strudel/draw/node_modules/@strudel/core": {
      "version": "1.2.2",
      "resolved": "https://registry.npmjs.org/@strudel/core/-/core-1.2.2.tgz",
      "integrity": "sha512-rPFAwV7Emz85HyKwfVVn+2cNOHCGBbWw6XImv0elnzRiXxKWMdmZfuSL3xgpheEg9WUgacgmzJL9kbvfCitGtA==",
      "license": "AGPL-3.0-or-later",
      "dependencies": {
        "fraction.js": "^5.2.1"
      }
    },
    "node_modules/@strudel/mini": {
      "version": "1.2.3",
      "resolved": "https://registry.npmjs.org/@strudel/mini/-/mini-1.2.3.tgz",
      "integrity": "sha512-UmF+6JTu1I4xNA7gZtx1y8DYPQFscTTF5XmB8n46LYiFnwTYTCR8SdmUuCz8KgqbYOOiU9rOY1834PGCOgB9wA==",
      "license": "AGPL-3.0-or-later",
      "dependencies": {
        "@strudel/core": "1.2.3"
      }
    },
    "node_modules/@strudel/tonal": {
      "version": "1.2.3",
      "resolved": "https://registry.npmjs.org/@strudel/tonal/-/tonal-1.2.3.tgz",
      "integrity": "sha512-45fQkUmBCAMyaSJRB4GzirLUhr7PLkdajeoA/gyJYbDrHKhYTeLhwCCptjJG/VH9c8jPJbzQSi7LJAFvAXMlHw==",
      "license": "AGPL-3.0-or-later",
      "dependencies": {
        "@strudel/core": "1.2.3",
        "@tonaljs/tonal": "^4.10.0",
        "chord-voicings": "^0.0.1",
        "webmidi": "^3.1.12"
      }
    },
    "node_modules/@strudel/transpiler": {
      "version": "1.2.3",
      "resolved": "https://registry.npmjs.org/@strudel/transpiler/-/transpiler-1.2.3.tgz",
      "integrity": "sha512-qP14peEECZ74LdK0gDTBTFTih5DGPYabl8Y4GzTPpvP4zovIE4VbblWYxwGFEYRLONHJUTwozXXC4YihjjoNEw==",
      "license": "AGPL-3.0-or-later",
      "dependencies": {
        "@strudel/core": "1.2.3",
        "@strudel/mini": "1.2.3",
        "acorn": "^8.14.0",
        "escodegen": "^2.1.0",
        "estree-walker": "^3.0.3"
      }
    },
    "node_modules/@strudel/webaudio": {
      "version": "1.2.3",
      "resolved": "https://registry.npmjs.org/@strudel/webaudio/-/webaudio-1.2.3.tgz",
      "integrity": "sha512-d+69P3fC9LFKkF4BXxnb99p+Vj51d094ywbgPhuRfw22sNkIPA49Xma6+Nft+NIpX0kFz6XL/gr1sDYF2z8M+A==",
      "license": "AGPL-3.0-or-later",
      "dependencies": {
        "@strudel/core": "1.2.2",
        "@strudel/draw": "1.2.2",
        "superdough": "1.2.3"
      }
    },
    "node_modules/@strudel/webaudio/node_modules/@strudel/core": {
      "version": "1.2.2",
      "resolved": "https://registry.npmjs.org/@strudel/core/-/core-1.2.2.tgz",
      "integrity": "sha512-rPFAwV7Emz85HyKwfVVn+2cNOHCGBbWw6XImv0elnzRiXxKWMdmZfuSL3xgpheEg9WUgacgmzJL9kbvfCitGtA==",
      "license": "AGPL-3.0-or-later",
      "dependencies": {
        "fraction.js": "^5.2.1"
      }
    },
    "node_modules/@tonaljs/abc-notation": {
      "version": "4.9.1",
      "resolved": "https://registry.npmjs.org/@tonaljs/abc-notation/-/abc-notation-4.9.1.tgz",
      "integrity": "sha512-2fDUdPsFDdgZgyIiZCTYGKy30QiwIQxSXCSN2thGrSMXbQKCp8iTC8haStYcrA+25MPWhWlmvC/pz3tGcTNAqQ==",
      "license": "MIT",
      "dependencies": {
        "@tonaljs/pitch-distance": "5.0.5",
        "@tonaljs/pitch-note": "6.1.0"
      }
    },
    "node_modules/@tonaljs/array": {
      "version": "4.8.4",
      "resolved": "https://registry.npmjs.org/@tonaljs/array/-/array-4.8.4.tgz",
      "integrity": "sha512-97HVdpZy82PqNBDMM9PRSbO2DUrnxNg3++N4xqLpfby70fKHAHhTWrMXWZK+Dzs76HDPQLd+qhd4cq28eBZzjw==",
      "license": "MIT",
      "dependencies": {
        "@tonaljs/pitch-note": "6.1.0"
      }
    },
    "node_modules/@tonaljs/chord": {
      "version": "4.10.2",
      "resolved": "https://registry.npmjs.org/@tonaljs/chord/-/chord-4.10.2.tgz",
      "integrity": "sha512-Zlqtq6c6T4y+EqvwHRQp9icEjHqyniCpnIwwCFg5amgAQwXmWzarouOOSmcdJ1Is92eEvcPVuCoLiVUtajS30A==",
      "license": "MIT",
      "dependencies": {
        "@tonaljs/chord-detect": "^4.8.1",
        "@tonaljs/chord-type": "^4.8.2",
        "@tonaljs/collection": "^4.8.0",
        "@tonaljs/core": "^4.10.0",
        "@tonaljs/pcset": "^4.8.2",
        "@tonaljs/scale-type": "^4.8.2"
      }
    },
    "node_modules/@tonaljs/chord-detect": {
      "version": "4.9.1",
      "resolved": "https://registry.npmjs.org/@tonaljs/chord-detect/-/chord-detect-4.9.1.tgz",
      "integrity": "sha512-rV/9+R7aZ9cQorQ3jdNMMMh63onosglYZM71Q0n7KKcWMAGrxF66MzxBG82xy+w1QDMJQslB3iHfDHUiS6wRjA==",
      "license": "MIT",
      "dependencies": {
        "@tonaljs/chord-type": "5.1.1",
        "@tonaljs/pcset": "4.10.1",
        "@tonaljs/pitch-note": "6.1.0"
      }
    },
    "node_modules/@tonaljs/chord-detect/node_modules/@tonaljs/chord-type": {
      "version": "5.1.1",
      "resolved": "https://registry.npmjs.org/@tonaljs/chord-type/-/chord-type-5.1.1.tgz",
      "integrity": "sha512-ti4WzRYvvjH7to0G3zlJFq7WsjHqmcqbk8Jv98aZSR5YumLdY/ua2yOPPyoPq82n6vfgjZsacnAZ3v8/SodOcw==",
      "license": "MIT",
      "dependencies": {
        "@tonaljs/pcset": "4.10.1"
      }
    },
    "node_modules/@tonaljs/chord-type": {
      "version": "4.8.2",
      "resolved": "https://registry.npmjs.org/@tonaljs/chord-type/-/chord-type-4.8.2.tgz",
      "integrity": "sha512-GzSTjQmZjkUdPhyesFDeJbxpW8R7L/bAE34E8ApGAh9FMcKYpRdX3Tn+gkluRsXOiRMfW07p3E0Adx4bjtyN+Q==",
      "license": "MIT",
      "dependencies": {
        "@tonaljs/core": "^4.8.0",
        "@tonaljs/pcset": "^4.8.2"
      }
    },
    "node_modules/@tonaljs/collection": {
      "version": "4.9.0",
      "resolved": "https://registry.npmjs.org/@tonaljs/collection/-/collection-4.9.0.tgz",
      "integrity": "sha512-Mk0h7O54nT6PgNVcUYauzxa5KOB23+0AOKudWzRH7JhJIN9vhVIC7PtwZXE+/G051UTbHSFIcN/afkgF4nB/8A==",
      "license": "MIT"
    },
    "node_modules/@tonaljs/core": {
      "version": "4.10.4",
      "resolved": "https://registry.npmjs.org/@tonaljs/core/-/core-4.10.4.tgz",
      "integrity": "sha512-PhGlQ2Js6rFQ6CufkSiBpEJoPS8QIIhbXSXhT4U+5ffqckli+YBZRN24vjZ4AEKuX8xoYDmCCbl+r6agauvzmw==",
      "license": "MIT",
      "dependencies": {
        "@tonaljs/pitch": "5.0.1",
        "@tonaljs/pitch-distance": "5.0.2",
        "@tonaljs/pitch-interval": "5.0.2",
        "@tonaljs/pitch-note": "5.0.3"
      }
    },
    "node_modules/@tonaljs/core/node_modules/@tonaljs/pitch-distance": {
      "version": "5.0.2",
      "resolved": "https://registry.npmjs.org/@tonaljs/pitch-distance/-/pitch-distance-5.0.2.tgz",
      "integrity": "sha512-DPxfGJCf4BvfIVRxl2v142tuCKIziM6PomOBT0/s7U5o+Z5qFAIW0tNx/MKyL83guV74p+XIf5VI0w1flmXxDA==",
      "license": "MIT",
      "dependencies": {
        "@tonaljs/pitch": "5.0.1",
        "@tonaljs/pitch-interval": "5.0.2",
        "@tonaljs/pitch-note": "5.0.3"
      }
    },
    "node_modules/@tonaljs/core/node_modules/@tonaljs/pitch-note": {
      "version": "5.0.3",
      "resolved": "https://registry.npmjs.org/@tonaljs/pitch-note/-/pitch-note-5.0.3.tgz",
      "integrity": "sha512-JsPgqPa8VZdZtfwvgoHJz996BZqzvlnRxUF6c/Q9q8E0iq30UHBEid0Y6XldK+h6tuIENsG3a9jyvNNxRqIeYw==",
      "license": "MIT",
      "dependencies": {
        "@tonaljs/pitch": "5.0.1"
      }
    },
    "node_modules/@tonaljs/duration-value": {
      "version": "4.9.0",
      "resolved": "https://registry.npmjs.org/@tonaljs/duration-value/-/duration-value-4.9.0.tgz",
      "integrity": "sha512-Muz54HyIe0nMYKWx6wyTa4y17ma29DtpJF4/oqJphy6A124rAVDe/SKit8JGOvDYAQj71FUXqs17sXBxO/ExVw==",
      "license": "MIT"
    },
    "node_modules/@tonaljs/interval": {
      "version": "4.8.2",
      "resolved": "https://registry.npmjs.org/@tonaljs/interval/-/interval-4.8.2.tgz",
      "integrity": "sha512-9SEuJuqFdmu9lnvMmJtxbReQcQvZ1YHXhCcxaF6Re23/w+BqiJvvkvNZhfWH+n1+g0uaSdTsuvMfamp7hAvPMw==",
      "license": "MIT",
      "dependencies": {
        "@tonaljs/pitch": "^5.0.1",
        "@tonaljs/pitch-distance": "^5.0.2",
        "@tonaljs/pitch-interval": "^5.0.2"
      }
    },
    "node_modules/@tonaljs/key": {
      "version": "4.11.2",
      "resolved": "https://registry.npmjs.org/@tonaljs/key/-/key-4.11.2.tgz",
      "integrity": "sha512-fc1y5+NwS4S3amirzYLLB324PxJDO00oIBbLJclAddc46UBeYnu4FNz+1nZboHCXRQ/06/ftuaWD/l7HrAoulw==",
      "license": "MIT",
      "dependencies": {
        "@tonaljs/note": "4.12.1",
        "@tonaljs/pitch-note": "6.1.0",
        "@tonaljs/roman-numeral": "4.9.1"
      }
    },
    "node_modules/@tonaljs/midi": {
      "version": "4.10.2",
      "resolved": "https://registry.npmjs.org/@tonaljs/midi/-/midi-4.10.2.tgz",
      "integrity": "sha512-MPamXhEwPL7L1udLfYMm3Ft8mLYtHr62Zi2w5zYHM2P7YwIvNoiX0+dvAN5is1Wvq4iVRa8AjFHerjOW/SZhGg==",
      "license": "MIT",
      "dependencies": {
        "@tonaljs/pitch-note": "6.1.0"
      }
    },
    "node_modules/@tonaljs/mode": {
      "version": "4.9.1",
      "resolved": "https://registry.npmjs.org/@tonaljs/mode/-/mode-4.9.1.tgz",
      "integrity": "sha512-h+K7eOUKpyX7kMRCwCew6cV1oN0sZYD5LLeKD7zEERNd/6wvGBfGCdMZECGqzpFUmjUyCY87IOntem6EPbKVCg==",
      "license": "MIT",
      "dependencies": {
        "@tonaljs/collection": "4.9.0",
        "@tonaljs/interval": "5.1.0",
        "@tonaljs/pcset": "4.10.1",
        "@tonaljs/pitch-distance": "5.0.5",
        "@tonaljs/pitch-note": "6.1.0",
        "@tonaljs/scale-type": "4.9.1"
      }
    },
    "node_modules/@tonaljs/mode/node_modules/@tonaljs/interval": {
      "version": "5.1.0",
      "resolved": "https://registry.npmjs.org/@tonaljs/interval/-/interval-5.1.0.tgz",
      "integrity": "sha512-GR9dUjn0j7yhjwjRh8HQxZYXOiVl05WfY3AFyMB9rfg807K4dSJmWfPTULPQXyHJ6NiZOPXcwRs8MxMLDxgdbg==",
      "license": "MIT",
      "dependencies": {
        "@tonaljs/pitch": "^5.0.2",
        "@tonaljs/pitch-distance": "^5.0.4",
        "@tonaljs/pitch-interval": "^6.0.0"
      }
    },
    "node_modules/@tonaljs/mode/node_modules/@tonaljs/pitch": {
      "version": "5.0.2",
      "resolved": "https://registry.npmjs.org/@tonaljs/pitch/-/pitch-5.0.2.tgz",
      "integrity": "sha512-mxaXJPPe+LIJdjzpZEl8I8Wx3dEvlzkBbsr2Ltwc2dTAdnErAZ5R0TxVq2egF27lMvQN2QPQPWI9iDPPdVUmrg==",
      "license": "MIT"
    },
    "node_modules/@tonaljs/mode/node_modules/@tonaljs/pitch-interval": {
      "version": "6.1.0",
      "resolved": "https://registry.npmjs.org/@tonaljs/pitch-interval/-/pitch-interval-6.1.0.tgz",
      "integrity": "sha512-9ZMxA7V4UgySnOKPIG6HECzhDb8mbiTCIdNNIzCIfz5XpjUmohku2YZpVVWMacLHgyeQicJzNoRiPel5oSAn4A==",
      "license": "MIT",
      "dependencies": {
        "@tonaljs/pitch": "5.0.2"
      }
    },
    "node_modules/@tonaljs/note": {
      "version": "4.12.1",
      "resolved": "https://registry.npmjs.org/@tonaljs/note/-/note-4.12.1.tgz",
      "integrity": "sha512-yh6cnhu21bUb0VuIQWxObSbWBVp2cHIkJj4zZ4qsNOW4jSqn74+wHpSbOTDF8q+2hl6upz7TtBRavtqwPtLUCQ==",
      "license": "MIT",
      "dependencies": {
        "@tonaljs/midi": "4.10.2",
        "@tonaljs/pitch": "5.0.2",
        "@tonaljs/pitch-distance": "5.0.5",
        "@tonaljs/pitch-interval": "6.1.0",
        "@tonaljs/pitch-note": "6.1.0"
      }
    },
    "node_modules/@tonaljs/note/node_modules/@tonaljs/pitch": {
      "version": "5.0.2",
      "resolved": "https://registry.npmjs.org/@tonaljs/pitch/-/pitch-5.0.2.tgz",
      "integrity": "sha512-mxaXJPPe+LIJdjzpZEl8I8Wx3dEvlzkBbsr2Ltwc2dTAdnErAZ5R0TxVq2egF27lMvQN2QPQPWI9iDPPdVUmrg==",
      "license": "MIT"
    },
    "node_modules/@tonaljs/note/node_modules/@tonaljs/pitch-interval": {
      "version": "6.1.0",
      "resolved": "https://registry.npmjs.org/@tonaljs/pitch-interval/-/pitch-interval-6.1.0.tgz",
      "integrity": "sha512-9ZMxA7V4UgySnOKPIG6HECzhDb8mbiTCIdNNIzCIfz5XpjUmohku2YZpVVWMacLHgyeQicJzNoRiPel5oSAn4A==",
      "license": "MIT",
      "dependencies": {
        "@tonaljs/pitch": "5.0.2"
      }
    },
    "node_modules/@tonaljs/pcset": {
      "version": "4.10.1",
      "resolved": "https://registry.npmjs.org/@tonaljs/pcset/-/pcset-4.10.1.tgz",
      "integrity": "sha512-CZG1rpKc38yMfpEJsbDTvsTmQqsek9xxcuMgK64Tr6sP1lEiDuZJbQeKVWWRnreBF2FQ1cEGLmfOpvSO+40csA==",
      "license": "MIT",
      "dependencies": {
        "@tonaljs/collection": "4.9.0",
        "@tonaljs/pitch": "5.0.2",
        "@tonaljs/pitch-distance": "5.0.5",
        "@tonaljs/pitch-interval": "6.1.0",
        "@tonaljs/pitch-note": "6.1.0"
      }
    },
    "node_modules/@tonaljs/pcset/node_modules/@tonaljs/pitch": {
      "version": "5.0.2",
      "resolved": "https://registry.npmjs.org/@tonaljs/pitch/-/pitch-5.0.2.tgz",
      "integrity": "sha512-mxaXJPPe+LIJdjzpZEl8I8Wx3dEvlzkBbsr2Ltwc2dTAdnErAZ5R0TxVq2egF27lMvQN2QPQPWI9iDPPdVUmrg==",
      "license": "MIT"
    },
    "node_modules/@tonaljs/pcset/node_modules/@tonaljs/pitch-interval": {
      "version": "6.1.0",
      "resolved": "https://registry.npmjs.org/@tonaljs/pitch-interval/-/pitch-interval-6.1.0.tgz",
      "integrity": "sha512-9ZMxA7V4UgySnOKPIG6HECzhDb8mbiTCIdNNIzCIfz5XpjUmohku2YZpVVWMacLHgyeQicJzNoRiPel5oSAn4A==",
      "license": "MIT",
      "dependencies": {
        "@tonaljs/pitch": "5.0.2"
      }
    },
    "node_modules/@tonaljs/pitch": {
      "version": "5.0.1",
      "resolved": "https://registry.npmjs.org/@tonaljs/pitch/-/pitch-5.0.1.tgz",
      "integrity": "sha512-5HYkF4hGY0jS2y5V3Hf5gNFXX46kT4cAcI7JLEn+qQb9N1dU9Gz9koI9di0mD1Tbam+kviceiCsJl4WX/FqYjA==",
      "license": "MIT"
    },
    "node_modules/@tonaljs/pitch-distance": {
      "version": "5.0.5",
      "resolved": "https://registry.npmjs.org/@tonaljs/pitch-distance/-/pitch-distance-5.0.5.tgz",
      "integrity": "sha512-dTfjsU0zyrj5YmiFio5prPaD5w7sBmHp4nnmlEg70nHY+SerAH0KiO9HM9usttVgRFUaXl0Gc7OI8YMGfSFmug==",
      "license": "MIT",
      "dependencies": {
        "@tonaljs/pitch": "5.0.2",
        "@tonaljs/pitch-interval": "6.1.0",
        "@tonaljs/pitch-note": "6.1.0"
      }
    },
    "node_modules/@tonaljs/pitch-distance/node_modules/@tonaljs/pitch": {
      "version": "5.0.2",
      "resolved": "https://registry.npmjs.org/@tonaljs/pitch/-/pitch-5.0.2.tgz",
      "integrity": "sha512-mxaXJPPe+LIJdjzpZEl8I8Wx3dEvlzkBbsr2Ltwc2dTAdnErAZ5R0TxVq2egF27lMvQN2QPQPWI9iDPPdVUmrg==",
      "license": "MIT"
    },
    "node_modules/@tonaljs/pitch-distance/node_modules/@tonaljs/pitch-interval": {
      "version": "6.1.0",
      "resolved": "https://registry.npmjs.org/@tonaljs/pitch-interval/-/pitch-interval-6.1.0.tgz",
      "integrity": "sha512-9ZMxA7V4UgySnOKPIG6HECzhDb8mbiTCIdNNIzCIfz5XpjUmohku2YZpVVWMacLHgyeQicJzNoRiPel5oSAn4A==",
      "license": "MIT",
      "dependencies": {
        "@tonaljs/pitch": "5.0.2"
      }
    },
    "node_modules/@tonaljs/pitch-interval": {
      "version": "5.0.2",
      "resolved": "https://registry.npmjs.org/@tonaljs/pitch-interval/-/pitch-interval-5.0.2.tgz",
      "integrity": "sha512-bQmxeenRFNuuABs9mDc+bSUp3ySGw8I49pHMoGDdCcro9n3MDN8IsSwhvKoGOYErFMx76rNn1t+7WL8ukpvX5w==",
      "license": "MIT",
      "dependencies": {
        "@tonaljs/pitch": "5.0.1"
      }
    },
    "node_modules/@tonaljs/pitch-note": {
      "version": "6.1.0",
      "resolved": "https://registry.npmjs.org/@tonaljs/pitch-note/-/pitch-note-6.1.0.tgz",
      "integrity": "sha512-A4OSLo8DjM38u73862LnDmL4YInDDRBmg0fojXcvu4cyU3oOlqndyeHOra1OVoH/WW46uNIxNs1wJDZNPWL5KQ==",
      "license": "MIT",
      "dependencies": {
        "@tonaljs/pitch": "5.0.2"
      }
    },
    "node_modules/@tonaljs/pitch-note/node_modules/@tonaljs/pitch": {
      "version": "5.0.2",
      "resolved": "https://registry.npmjs.org/@tonaljs/pitch/-/pitch-5.0.2.tgz",
      "integrity": "sha512-mxaXJPPe+LIJdjzpZEl8I8Wx3dEvlzkBbsr2Ltwc2dTAdnErAZ5R0TxVq2egF27lMvQN2QPQPWI9iDPPdVUmrg==",
      "license": "MIT"
    },
    "node_modules/@tonaljs/progression": {
      "version": "4.9.1",
      "resolved": "https://registry.npmjs.org/@tonaljs/progression/-/progression-4.9.1.tgz",
      "integrity": "sha512-jHdZUNlXRmjrvbZrvjoW6syW7dO9ilhgvyouB6YuVM5lGShwTN9dsSuQYsugso9jYHkwQBgYj5SaXTTY0/0nHw==",
      "license": "MIT",
      "dependencies": {
        "@tonaljs/chord": "6.1.1",
        "@tonaljs/pitch-distance": "5.0.5",
        "@tonaljs/pitch-interval": "6.1.0",
        "@tonaljs/pitch-note": "6.1.0",
        "@tonaljs/roman-numeral": "4.9.1"
      }
    },
    "node_modules/@tonaljs/progression/node_modules/@tonaljs/chord": {
      "version": "6.1.1",
      "resolved": "https://registry.npmjs.org/@tonaljs/chord/-/chord-6.1.1.tgz",
      "integrity": "sha512-gsLyGGkOt0g5L/uF4ICpYQengahW3WAMjckyvyzvqMYpvH7fokmtcymOfbltDQzaVuYuL0TsVmbfjbah2rKEww==",
      "license": "MIT",
      "dependencies": {
        "@tonaljs/chord-detect": "4.9.1",
        "@tonaljs/chord-type": "5.1.1",
        "@tonaljs/collection": "4.9.0",
        "@tonaljs/interval": "^5.1.0",
        "@tonaljs/pcset": "4.10.1",
        "@tonaljs/pitch-distance": "5.0.5",
        "@tonaljs/pitch-note": "6.1.0",
        "@tonaljs/scale-type": "4.9.1"
      }
    },
    "node_modules/@tonaljs/progression/node_modules/@tonaljs/chord-type": {
      "version": "5.1.1",
      "resolved": "https://registry.npmjs.org/@tonaljs/chord-type/-/chord-type-5.1.1.tgz",
      "integrity": "sha512-ti4WzRYvvjH7to0G3zlJFq7WsjHqmcqbk8Jv98aZSR5YumLdY/ua2yOPPyoPq82n6vfgjZsacnAZ3v8/SodOcw==",
      "license": "MIT",
      "dependencies": {
        "@tonaljs/pcset": "4.10.1"
      }
    },
    "node_modules/@tonaljs/progression/node_modules/@tonaljs/interval": {
      "version": "5.1.0",
      "resolved": "https://registry.npmjs.org/@tonaljs/interval/-/interval-5.1.0.tgz",
      "integrity": "sha512-GR9dUjn0j7yhjwjRh8HQxZYXOiVl05WfY3AFyMB9rfg807K4dSJmWfPTULPQXyHJ6NiZOPXcwRs8MxMLDxgdbg==",
      "license": "MIT",
      "dependencies": {
        "@tonaljs/pitch": "^5.0.2",
        "@tonaljs/pitch-distance": "^5.0.4",
        "@tonaljs/pitch-interval": "^6.0.0"
      }
    },
    "node_modules/@tonaljs/progression/node_modules/@tonaljs/pitch": {
      "version": "5.0.2",
      "resolved": "https://registry.npmjs.org/@tonaljs/pitch/-/pitch-5.0.2.tgz",
      "integrity": "sha512-mxaXJPPe+LIJdjzpZEl8I8Wx3dEvlzkBbsr2Ltwc2dTAdnErAZ5R0TxVq2egF27lMvQN2QPQPWI9iDPPdVUmrg==",
      "license": "MIT"
    },
    "node_modules/@tonaljs/progression/node_modules/@tonaljs/pitch-interval": {
      "version": "6.1.0",
      "resolved": "https://registry.npmjs.org/@tonaljs/pitch-interval/-/pitch-interval-6.1.0.tgz",
      "integrity": "sha512-9ZMxA7V4UgySnOKPIG6HECzhDb8mbiTCIdNNIzCIfz5XpjUmohku2YZpVVWMacLHgyeQicJzNoRiPel5oSAn4A==",
      "license": "MIT",
      "dependencies": {
        "@tonaljs/pitch": "5.0.2"
      }
    },
    "node_modules/@tonaljs/range": {
      "version": "4.9.2",
      "resolved": "https://registry.npmjs.org/@tonaljs/range/-/range-4.9.2.tgz",
      "integrity": "sha512-XhFbCJCrEEIVz3MNmdVp9QUyiJA6eqnNnQeNqto8AuT5BYuffHDoMkBmvvjPuV5Lh8zfF9D0aqglvqPbZ+neKQ==",
      "license": "MIT",
      "dependencies": {
        "@tonaljs/collection": "4.9.0",
        "@tonaljs/midi": "4.10.2"
      }
    },
    "node_modules/@tonaljs/roman-numeral": {
      "version": "4.9.1",
      "resolved": "https://registry.npmjs.org/@tonaljs/roman-numeral/-/roman-numeral-4.9.1.tgz",
      "integrity": "sha512-dJGKBNHdPrNTE97ZDk4t6wpNmgYcpHyLkAvWkRP9I/HsDkeTFFQqNXosYIvspPWrFySlRpeqqFwcqV74MYoOag==",
      "license": "MIT",
      "dependencies": {
        "@tonaljs/pitch": "5.0.2",
        "@tonaljs/pitch-interval": "6.1.0",
        "@tonaljs/pitch-note": "6.1.0"
      }
    },
    "node_modules/@tonaljs/roman-numeral/node_modules/@tonaljs/pitch": {
      "version": "5.0.2",
      "resolved": "https://registry.npmjs.org/@tonaljs/pitch/-/pitch-5.0.2.tgz",
      "integrity": "sha512-mxaXJPPe+LIJdjzpZEl8I8Wx3dEvlzkBbsr2Ltwc2dTAdnErAZ5R0TxVq2egF27lMvQN2QPQPWI9iDPPdVUmrg==",
      "license": "MIT"
    },
    "node_modules/@tonaljs/roman-numeral/node_modules/@tonaljs/pitch-interval": {
      "version": "6.1.0",
      "resolved": "https://registry.npmjs.org/@tonaljs/pitch-interval/-/pitch-interval-6.1.0.tgz",
      "integrity": "sha512-9ZMxA7V4UgySnOKPIG6HECzhDb8mbiTCIdNNIzCIfz5XpjUmohku2YZpVVWMacLHgyeQicJzNoRiPel5oSAn4A==",
      "license": "MIT",
      "dependencies": {
        "@tonaljs/pitch": "5.0.2"
      }
    },
    "node_modules/@tonaljs/scale": {
      "version": "4.13.3",
      "resolved": "https://registry.npmjs.org/@tonaljs/scale/-/scale-4.13.3.tgz",
      "integrity": "sha512-IcPMpOm6gMQJ3A2IXZ5dN0wOhHIUonQY8abTql4BrwcVCUaItXWQfSd9t1HII+2kA6J8JCeY2BukTr6wVwAhXQ==",
      "license": "MIT",
      "dependencies": {
        "@tonaljs/chord-type": "5.1.1",
        "@tonaljs/collection": "4.9.0",
        "@tonaljs/note": "4.12.1",
        "@tonaljs/pcset": "4.10.1",
        "@tonaljs/pitch-distance": "5.0.5",
        "@tonaljs/pitch-note": "6.1.0",
        "@tonaljs/scale-type": "4.9.1"
      }
    },
    "node_modules/@tonaljs/scale-type": {
      "version": "4.9.1",
      "resolved": "https://registry.npmjs.org/@tonaljs/scale-type/-/scale-type-4.9.1.tgz",
      "integrity": "sha512-Nz2wThzz5NmWNx0vazX7MqNbF8kT1g5BEcbZcWjgkc67zhwosfZE0LEn7W9XcVDEws71b8CqQqDPKUEEybC9Rw==",
      "license": "MIT",
      "dependencies": {
        "@tonaljs/pcset": "4.10.1"
      }
    },
    "node_modules/@tonaljs/scale/node_modules/@tonaljs/chord-type": {
      "version": "5.1.1",
      "resolved": "https://registry.npmjs.org/@tonaljs/chord-type/-/chord-type-5.1.1.tgz",
      "integrity": "sha512-ti4WzRYvvjH7to0G3zlJFq7WsjHqmcqbk8Jv98aZSR5YumLdY/ua2yOPPyoPq82n6vfgjZsacnAZ3v8/SodOcw==",
      "license": "MIT",
      "dependencies": {
        "@tonaljs/pcset": "4.10.1"
      }
    },
    "node_modules/@tonaljs/time-signature": {
      "version": "4.9.0",
      "resolved": "https://registry.npmjs.org/@tonaljs/time-signature/-/time-signature-4.9.0.tgz",
      "integrity": "sha512-zRo8CBqg/2guzTlF2vxyVIuB5gmwWQaxlknJPUSDII8CTdQ/x3a1LlNoMKkvTUnqwCihe3WrNPZ5XUfOOTthYA==",
      "license": "MIT"
    },
    "node_modules/@tonaljs/tonal": {
      "version": "4.10.0",
      "resolved": "https://registry.npmjs.org/@tonaljs/tonal/-/tonal-4.10.0.tgz",
      "integrity": "sha512-F2T9Fiy+j0MVped89kCrX1XF68mQOLUnny4pDOHrIf+OkrjtLQOzzaSOrX1tx0o72WUwQm1knz6D1d57b9X1HA==",
      "license": "MIT",
      "dependencies": {
        "@tonaljs/abc-notation": "^4.8.0",
        "@tonaljs/array": "^4.8.0",
        "@tonaljs/chord": "^4.8.0",
        "@tonaljs/chord-type": "^4.8.0",
        "@tonaljs/collection": "^4.8.0",
        "@tonaljs/core": "^4.8.0",
        "@tonaljs/duration-value": "^4.8.0",
        "@tonaljs/interval": "^4.8.0",
        "@tonaljs/key": "^4.9.0",
        "@tonaljs/midi": "^4.8.0",
        "@tonaljs/mode": "^4.8.0",
        "@tonaljs/note": "^4.9.0",
        "@tonaljs/pcset": "^4.8.0",
        "@tonaljs/progression": "^4.8.0",
        "@tonaljs/range": "^4.8.0",
        "@tonaljs/roman-numeral": "^4.8.0",
        "@tonaljs/scale": "^4.9.0",
        "@tonaljs/scale-type": "^4.8.0",
        "@tonaljs/time-signature": "^4.8.0"
      }
    },
    "node_modules/@types/estree": {
      "version": "1.0.8",
      "resolved": "https://registry.npmjs.org/@types/estree/-/estree-1.0.8.tgz",
      "integrity": "sha512-dWHzHa2WqEXI/O1E9OjrocMTKJl2mSrEolh1Iomrv6U+JuNwaHXsXx9bLu5gG7BUWFIN0skIQJQ/L1rIex4X6w==",
      "license": "MIT"
    },
    "node_modules/acorn": {
      "version": "8.15.0",
      "resolved": "https://registry.npmjs.org/acorn/-/acorn-8.15.0.tgz",
      "integrity": "sha512-NZyJarBfL7nWwIq+FDL6Zp/yHEhePMNnnJ0y3qfieCrmNvYct8uvtiV41UvlSe6apAfk0fY1FbWx+NwfmpvtTg==",
      "license": "MIT",
      "bin": {
        "acorn": "bin/acorn"
      },
      "engines": {
        "node": ">=0.4.0"
      }
    },
    "node_modules/caller": {
      "version": "1.1.0",
      "resolved": "https://registry.npmjs.org/caller/-/caller-1.1.0.tgz",
      "integrity": "sha512-n+21IZC3j06YpCWaxmUy5AnVqhmCIM2bQtqQyy00HJlmStRt6kwDX5F9Z97pqwAB+G/tgSz6q/kUBbNyQzIubw==",
      "license": "MIT"
    },
    "node_modules/chord-voicings": {
      "version": "0.0.1",
      "resolved": "https://registry.npmjs.org/chord-voicings/-/chord-voicings-0.0.1.tgz",
      "integrity": "sha512-SutgB/4ynkkuiK6qdQ/k3QvCFcH0Vj8Ch4t6LbRyRQbVzP/TOztiCk3kvXd516UZ6fqk7ijDRELEFcKN+6V8sA==",
      "license": "ISC",
      "dependencies": {
        "@tonaljs/tonal": "^4.6.5"
      }
    },
    "node_modules/data-uri-to-buffer": {
      "version": "4.0.1",
      "resolved": "https://registry.npmjs.org/data-uri-to-buffer/-/data-uri-to-buffer-4.0.1.tgz",
      "integrity": "sha512-0R9ikRb668HB7QDxT1vkpuUBtqc53YyAwMwGeUFKRojY/NWKvdZ+9UYtRfGmhqNbRkTSVpMbmyhXipFFv2cb/A==",
      "license": "MIT",
      "engines": {
        "node": ">= 12"
      }
    },
    "node_modules/djipevents": {
      "version": "2.0.7",
      "resolved": "https://registry.npmjs.org/djipevents/-/djipevents-2.0.7.tgz",
      "integrity": "sha512-KNFYaU85imxOCKOUsIR70Iz9E19r96/X7LSH+u0tSoZdpWcBdzoqtTsU+wuLhc6GMpSFob+KInkZAbfKi01Bjg==",
      "license": "Apache-2.0",
      "dependencies": {
        "@babel/runtime": "^7.20.6"
      }
    },
    "node_modules/escodegen": {
      "version": "2.1.0",
      "resolved": "https://registry.npmjs.org/escodegen/-/escodegen-2.1.0.tgz",
      "integrity": "sha512-2NlIDTwUWJN0mRPQOdtQBzbUHvdGY2P1VXSyU83Q3xKxM7WHX2Ql8dKq782Q9TgQUNOLEzEYu9bzLNj1q88I5w==",
      "license": "BSD-2-Clause",
      "dependencies": {
        "esprima": "^4.0.1",
        "estraverse": "^5.2.0",
        "esutils": "^2.0.2"
      },
      "bin": {
        "escodegen": "bin/escodegen.js",
        "esgenerate": "bin/esgenerate.js"
      },
      "engines": {
        "node": ">=6.0"
      },
      "optionalDependencies": {
        "source-map": "~0.6.1"
      }
    },
    "node_modules/esprima": {
      "version": "4.0.1",
      "resolved": "https://registry.npmjs.org/esprima/-/esprima-4.0.1.tgz",
      "integrity": "sha512-eGuFFw7Upda+g4p+QHvnW0RyTX/SVeJBDM/gCtMARO0cLuT2HcEKnTPvhjV6aGeqrCB/sbNop0Kszm0jsaWU4A==",
      "license": "BSD-2-Clause",
      "bin": {
        "esparse": "bin/esparse.js",
        "esvalidate": "bin/esvalidate.js"
      },
      "engines": {
        "node": ">=4"
      }
    },
    "node_modules/estraverse": {
      "version": "5.3.0",
      "resolved": "https://registry.npmjs.org/estraverse/-/estraverse-5.3.0.tgz",
      "integrity": "sha512-MMdARuVEQziNTeJD8DgMqmhwR11BRQ/cBP+pLtYdSTnf3MIO8fFeiINEbX36ZdNlfU/7A9f3gUw49B3oQsvwBA==",
      "license": "BSD-2-Clause",
      "engines": {
        "node": ">=4.0"
      }
    },
    "node_modules/estree-walker": {
      "version": "3.0.3",
      "resolved": "https://registry.npmjs.org/estree-walker/-/estree-walker-3.0.3.tgz",
      "integrity": "sha512-7RUKfXgSMMkzt6ZuXmqapOurLGPPfgj6l9uRZ7lRGolvk0y2yocc35LdcxKC5PQZdn2DMqioAQ2NoWcrTKmm6g==",
      "license": "MIT",
      "dependencies": {
        "@types/estree": "^1.0.0"
      }
    },
    "node_modules/esutils": {
      "version": "2.0.3",
      "resolved": "https://registry.npmjs.org/esutils/-/esutils-2.0.3.tgz",
      "integrity": "sha512-kVscqXk4OCp68SZ0dkgEKVi6/8ij300KBWTJq32P/dYeWTSwK41WyTxalN1eRmA5Z9UU/LX9D7FWSmV9SAYx6g==",
      "license": "BSD-2-Clause",
      "engines": {
        "node": ">=0.10.0"
      }
    },
    "node_modules/fetch-blob": {
      "version": "3.2.0",
      "resolved": "https://registry.npmjs.org/fetch-blob/-/fetch-blob-3.2.0.tgz",
      "integrity": "sha512-7yAQpD2UMJzLi1Dqv7qFYnPbaPx7ZfFK6PiIxQ4PfkGPyNyl2Ugx+a/umUonmKqjhM4DnfbMvdX6otXq83soQQ==",
      "funding": [
        {
          "type": "github",
          "url": "https://github.com/sponsors/jimmywarting"
        },
        {
          "type": "paypal",
          "url": "https://paypal.me/jimmywarting"
        }
      ],
      "license": "MIT",
      "dependencies": {
        "node-domexception": "^1.0.0",
        "web-streams-polyfill": "^3.0.3"
      },
      "engines": {
        "node": "^12.20 || >= 14.13"
      }
    },
    "node_modules/formdata-polyfill": {
      "version": "4.0.10",
      "resolved": "https://registry.npmjs.org/formdata-polyfill/-/formdata-polyfill-4.0.10.tgz",
      "integrity": "sha512-buewHzMvYL29jdeQTVILecSaZKnt/RJWjoZCF5OW60Z67/GmSLBkOFM7qh1PI3zFNtJbaZL5eQu1vLfazOwj4g==",
      "license": "MIT",
      "dependencies": {
        "fetch-blob": "^3.1.2"
      },
      "engines": {
        "node": ">=12.20.0"
      }
    },
    "node_modules/fraction.js": {
      "version": "5.3.4",
      "resolved": "https://registry.npmjs.org/fraction.js/-/fraction.js-5.3.4.tgz",
      "integrity": "sha512-1X1NTtiJphryn/uLQz3whtY6jK3fTqoE3ohKs0tT+Ujr1W59oopxmoEh7Lu5p6vBaPbgoM0bzveAW4Qi5RyWDQ==",
      "license": "MIT",
      "engines": {
        "node": "*"
      },
      "funding": {
        "type": "github",
        "url": "https://github.com/sponsors/rawify"
      }
    },
    "node_modules/jazz-midi": {
      "version": "1.7.9",
      "resolved": "https://registry.npmjs.org/jazz-midi/-/jazz-midi-1.7.9.tgz",
      "integrity": "sha512-c8c4BBgwxdsIr1iVm53nadCrtH7BUlnX3V95ciK/gbvXN/ndE5+POskBalXgqlc/r9p2XUbdLTrgrC6fou5p9w==",
      "license": "MIT",
      "optional": true,
      "engines": {
        "node": ">=10.0.0"
      }
    },
    "node_modules/jzz": {
      "version": "1.9.5",
      "resolved": "https://registry.npmjs.org/jzz/-/jzz-1.9.5.tgz",
      "integrity": "sha512-EjjZw4WE53lffa+JmG34qo4V3y+k7kxNvT85/x+SNTTtViAW/qTIvZj4hncp2gOTTUOYvn4/3+8UZAG+2APuVA==",
      "license": "MIT",
      "optional": true,
      "dependencies": {
        "jazz-midi": "^1.7.9"
      }
    },
    "node_modules/nanostores": {
      "version": "0.11.4",
      "resolved": "https://registry.npmjs.org/nanostores/-/nanostores-0.11.4.tgz",
      "integrity": "sha512-k1oiVNN4hDK8NcNERSZLQiMfRzEGtfnvZvdBvey3SQbgn8Dcrk0h1I6vpxApjb10PFUflZrgJ2WEZyJQ+5v7YQ==",
      "funding": [
        {
          "type": "github",
          "url": "https://github.com/sponsors/ai"
        }
      ],
      "license": "MIT",
      "engines": {
        "node": "^18.0.0 || >=20.0.0"
      }
    },
    "node_modules/node-domexception": {
      "version": "1.0.0",
      "resolved": "https://registry.npmjs.org/node-domexception/-/node-domexception-1.0.0.tgz",
      "integrity": "sha512-/jKZoMpw0F8GRwl4/eLROPA3cfcXtLApP0QzLmUT/HuPCZWyB7IY9ZrMeKw2O/nFIqPQB3PVM9aYm0F312AXDQ==",
      "deprecated": "Use your platform's native DOMException instead",
      "funding": [
        {
          "type": "github",
          "url": "https://github.com/sponsors/jimmywarting"
        },
        {
          "type": "github",
          "url": "https://paypal.me/jimmywarting"
        }
      ],
      "license": "MIT",
      "engines": {
        "node": ">=10.5.0"
      }
    },
    "node_modules/node-fetch": {
      "version": "3.3.2",
      "resolved": "https://registry.npmjs.org/node-fetch/-/node-fetch-3.3.2.tgz",
      "integrity": "sha512-dRB78srN/l6gqWulah9SrxeYnxeddIG30+GOqK/9OlLVyLg3HPnr6SqOWTWOXKRwC2eGYCkZ59NNuSgvSrpgOA==",
      "license": "MIT",
      "dependencies": {
        "data-uri-to-buffer": "^4.0.0",
        "fetch-blob": "^3.1.4",
        "formdata-polyfill": "^4.0.10"
      },
      "engines": {
        "node": "^12.20.0 || ^14.13.1 || >=16.0.0"
      },
      "funding": {
        "type": "opencollective",
        "url": "https://opencollective.com/node-fetch"
      }
    },
    "node_modules/node-web-audio-api": {
      "version": "1.0.4",
      "resolved": "https://registry.npmjs.org/node-web-audio-api/-/node-web-audio-api-1.0.4.tgz",
      "integrity": "sha512-lzhqTlHeosL6FEx4DtnU5c9pzxoesCUsucigA34Z+D1lBG8GRbULUuw1UeY5KMptnJctIANLHXOCc/ZbWkcSAA==",
      "license": "BSD-3-Clause",
      "dependencies": {
        "caller": "^1.1.0",
        "node-fetch": "^3.3.2",
        "webidl-conversions": "^7.0.0"
      },
      "engines": {
        "node": ">= 14"
      }
    },
    "node_modules/source-map": {
      "version": "0.6.1",
      "resolved": "https://registry.npmjs.org/source-map/-/source-map-0.6.1.tgz",
      "integrity": "sha512-UjgapumWlbMhkBgzT7Ykc5YXUT46F0iKu8SGXq0bcwP5dz/h0Plj6enJqjz1Zbq2l5WaqYnrVbwWOWMyF3F47g==",
      "license": "BSD-3-Clause",
      "optional": true,
      "engines": {
        "node": ">=0.10.0"
      }
    },
    "node_modules/superdough": {
      "version": "1.2.3",
      "resolved": "https://registry.npmjs.org/superdough/-/superdough-1.2.3.tgz",
      "integrity": "sha512-OoTHb1wRdoqmQKU21p8bAe8l0xMk4VYJJRlfGxDAo176a2USLubxNTUpgD0jv/W71U6BVTzYIt/5tkmD3p2eXA==",
      "license": "AGPL-3.0-or-later",
      "dependencies": {
        "nanostores": "^0.11.3"
      }
    },
    "node_modules/web-streams-polyfill": {
      "version": "3.3.3",
      "resolved": "https://registry.npmjs.org/web-streams-polyfill/-/web-streams-polyfill-3.3.3.tgz",
      "integrity": "sha512-d2JWLCivmZYTSIoge9MsgFCZrt571BikcWGYkjC1khllbTeDlGqZ2D8vD8E/lJa8WGWbb7Plm8/XJYV7IJHZZw==",
      "license": "MIT",
      "engines": {
        "node": ">= 8"
      }
    },
    "node_modules/webidl-conversions": {
      "version": "7.0.0",
      "resolved": "https://registry.npmjs.org/webidl-conversions/-/webidl-conversions-7.0.0.tgz",
      "integrity": "sha512-VwddBukDzu71offAQR975unBIGqfKZpM+8ZX6ySk8nYhVoo5CYaZyzt3YBvYtRtO+aoGlqxPg/B87NGVZ/fu6g==",
      "license": "BSD-2-Clause",
      "engines": {
        "node": ">=12"
      }
    },
    "node_modules/webmidi": {
      "version": "3.1.12",
      "resolved": "https://registry.npmjs.org/webmidi/-/webmidi-3.1.12.tgz",
      "integrity": "sha512-X1lACggXm2BxuAPdx5wleh8S2kygduHbtR2ti5sGhivLkX6Muv/sLAYmPuIaNLOUddyxr71+3tsq8m5dKXoT4A==",
      "license": "Apache-2.0",
      "dependencies": {
        "djipevents": "^2.0.7"
      },
      "engines": {
        "node": ">=8.5"
      },
      "optionalDependencies": {
        "jzz": "^1.8.5"
      }
    }
  }
}
